{
  "nodes": {
    "agenix": {
      "inputs": {
        "agenix": "agenix_2",
        "flake-utils": [
          "flake-utils"
        ],
        "nixpkgs": "nixpkgs",
        "rust-overlay": "rust-overlay"
      },
      "locked": {
        "lastModified": 1644744988,
        "narHash": "sha256-YCM7gRVuI2GXSGP2bIZ3zwoNA5yJJgMl2IbXIwxpGXQ=",
        "owner": "yaxitech",
        "repo": "ragenix",
        "rev": "634d13a0a32c2562ea12d9bfdd48044f6b66c0e3",
        "type": "github"
      },
      "original": {
        "owner": "yaxitech",
        "repo": "ragenix",
        "type": "github"
      }
    },
    "agenix_2": {
      "inputs": {
        "nixpkgs": [
          "agenix",
          "nixpkgs"
        ]
      },
      "locked": {
        "lastModified": 1643841757,
        "narHash": "sha256-9tKhu4JzoZvustC9IEWK6wKcDhPLuK/ICbLgm8QnLnk=",
        "owner": "ryantm",
        "repo": "agenix",
        "rev": "a17d1f30550260f8b45764ddbd0391f4b1ed714a",
        "type": "github"
      },
      "original": {
        "owner": "ryantm",
        "repo": "agenix",
        "type": "github"
      }
    },
    "deploy-rs": {
      "inputs": {
        "flake-compat": "flake-compat",
        "nixpkgs": [
          "nixpkgs"
        ],
        "utils": [
          "flake-utils"
        ]
      },
      "locked": {
        "lastModified": 1643787431,
        "narHash": "sha256-8IwuVgXulRE3ZWq6z8mytarawC32pKPKR20EyDtSH+w=",
        "owner": "serokell",
        "repo": "deploy-rs",
        "rev": "4154ba1aaaf7333a916384c348d867d03b6f1409",
        "type": "github"
      },
      "original": {
        "owner": "serokell",
        "repo": "deploy-rs",
        "type": "github"
      }
    },
    "dermetfan-blog": {
      "inputs": {
        "flake-utils": "flake-utils",
        "nixpkgs": [
          "nixpkgs"
        ],
        "styx": "styx"
      },
      "locked": {
        "narHash": "sha256-wo3fISKsh+M2xylIkk/Idz9PAL+gOIBnj9g23+evJKw=",
        "ref": "default",
        "rev": "463b729802df1d96f47e69891496ba494970fbce",
        "revCount": 62,
        "type": "hg",
        "url": "https://hg@hg.sr.ht/~dermetfan/dermetfan-blog"
      },
      "original": {
        "type": "hg",
        "url": "https://hg@hg.sr.ht/~dermetfan/dermetfan-blog"
      }
    },
    "fish-abbreviation-tips": {
      "flake": false,
      "locked": {
        "lastModified": 1642133715,
        "narHash": "sha256-841GmOAi/KS7HF7G29NUD8swaTTCPGdpIUV7B2ln32g=",
        "owner": "Gazorby",
        "repo": "fish-abbreviation-tips",
        "rev": "d29a52375a0826ed86b0710f58b2495a73d3aff3",
        "type": "github"
      },
      "original": {
        "owner": "Gazorby",
        "repo": "fish-abbreviation-tips",
        "type": "github"
      }
    },
    "fish-autopair": {
      "flake": false,
      "locked": {
        "lastModified": 1610912397,
        "narHash": "sha256-l6WJ2kjDO/TnU9FSigjxk5xFp90xl68gDfggkE/wrlM=",
        "owner": "jorgebucaran",
        "repo": "autopair.fish",
        "rev": "1222311994a0730e53d8e922a759eeda815fcb62",
        "type": "github"
      },
      "original": {
        "owner": "jorgebucaran",
        "repo": "autopair.fish",
        "type": "github"
      }
    },
    "fish-colored-man-pages": {
      "flake": false,
      "locked": {
        "lastModified": 1622223280,
        "narHash": "sha256-jhvC9wTU/mUwEaKeepsUEJsvVuCiO/opcp09SzkItV8=",
        "owner": "PatrickF1",
        "repo": "colored_man_pages.fish",
        "rev": "8c4965b9be9433d12ba50c28452cab8c71c59a50",
        "type": "github"
      },
      "original": {
        "owner": "PatrickF1",
        "repo": "colored_man_pages.fish",
        "type": "github"
      }
    },
    "fish-tide": {
      "flake": false,
      "locked": {
        "lastModified": 1618436545,
        "narHash": "sha256-XTpkjQOdFXBO9NlEwOMX26bbuxojVmdtxDcfLKXFUdE=",
        "owner": "IlanCosman",
        "repo": "tide",
        "rev": "630ae9f7d93c5f53880e7d59ae4e61f6390b71a1",
        "type": "github"
      },
      "original": {
        "owner": "IlanCosman",
        "ref": "v4.3.4",
        "repo": "tide",
        "type": "github"
      }
    },
    "flake-compat": {
      "flake": false,
      "locked": {
        "lastModified": 1641205782,
        "narHash": "sha256-4jY7RCWUoZ9cKD8co0/4tFARpWB+57+r1bLLvXNJliY=",
        "owner": "edolstra",
        "repo": "flake-compat",
        "rev": "b7547d3eed6f32d06102ead8991ec52ab0a4f1a7",
        "type": "github"
      },
      "original": {
        "owner": "edolstra",
        "repo": "flake-compat",
        "type": "github"
      }
    },
    "flake-compat_2": {
      "flake": false,
      "locked": {
        "lastModified": 1606424373,
        "narHash": "sha256-oq8d4//CJOrVj+EcOaSXvMebvuTkmBJuT5tzlfewUnQ=",
        "owner": "edolstra",
        "repo": "flake-compat",
        "rev": "99f1c2157fba4bfe6211a321fd0ee43199025dbf",
        "type": "github"
      },
      "original": {
        "owner": "edolstra",
        "repo": "flake-compat",
        "type": "github"
      }
    },
    "flake-utils": {
      "locked": {
        "lastModified": 1629481132,
        "narHash": "sha256-JHgasjPR0/J1J3DRm4KxM4zTyAj4IOJY8vIl75v/kPI=",
        "owner": "numtide",
        "repo": "flake-utils",
        "rev": "997f7efcb746a9c140ce1f13c72263189225f482",
        "type": "github"
      },
      "original": {
        "owner": "numtide",
        "repo": "flake-utils",
        "type": "github"
      }
    },
    "flake-utils_2": {
      "locked": {
        "lastModified": 1644229661,
        "narHash": "sha256-1YdnJAsNy69bpcjuoKdOYQX0YxZBiCYZo4Twxerqv7k=",
        "owner": "numtide",
        "repo": "flake-utils",
        "rev": "3cecb5b042f7f209c56ffd8371b2711a290ec797",
        "type": "github"
      },
      "original": {
        "owner": "numtide",
        "repo": "flake-utils",
        "type": "github"
      }
    },
    "flake-utils_3": {
      "locked": {
        "lastModified": 1644229661,
        "narHash": "sha256-1YdnJAsNy69bpcjuoKdOYQX0YxZBiCYZo4Twxerqv7k=",
        "owner": "numtide",
        "repo": "flake-utils",
        "rev": "3cecb5b042f7f209c56ffd8371b2711a290ec797",
        "type": "github"
      },
      "original": {
        "owner": "numtide",
        "repo": "flake-utils",
        "type": "github"
      }
    },
    "flake-utils_4": {
      "locked": {
        "lastModified": 1617631617,
        "narHash": "sha256-PARRCz55qN3gy07VJZIlFeOX420d0nGF0RzGI/9hVlw=",
        "owner": "numtide",
        "repo": "flake-utils",
        "rev": "b2c27d1a81b0dc266270fa8aeecebbd1807fc610",
        "type": "github"
      },
      "original": {
        "owner": "numtide",
        "repo": "flake-utils",
        "type": "github"
      }
    },
    "home-manager": {
      "inputs": {
        "nixpkgs": [
          "nixpkgs"
        ]
      },
      "locked": {
        "lastModified": 1642370342,
        "narHash": "sha256-ruKRnOk9HZKTMs+Q1qwGl7eYOAoe6pbAkZ6VlwLgPkc=",
        "owner": "dermetfan",
        "repo": "home-manager",
        "rev": "db66967853e050f8e026aed11fef200537888d9f",
        "type": "github"
      },
      "original": {
        "owner": "dermetfan",
        "ref": "next",
        "repo": "home-manager",
        "type": "github"
      }
    },
    "hosts": {
      "inputs": {
        "flake-utils": "flake-utils_3",
        "nixpkgs": [
          "nixpkgs"
        ]
      },
      "locked": {
        "lastModified": 1644689942,
        "narHash": "sha256-IkEdqJTEHDYW5mE4Nw5xhPuDif39yQeToO7ywO7BG90=",
        "owner": "StevenBlack",
        "repo": "hosts",
        "rev": "cbbafd2885d91a449c161a042dd708ec87ba5cfd",
        "type": "github"
      },
      "original": {
        "owner": "StevenBlack",
        "repo": "hosts",
        "type": "github"
      }
    },
    "impermanence": {
      "locked": {
        "lastModified": 1644608592,
        "narHash": "sha256-pgHgpslRmMFHSfKo9gIAk9g6xxWn51nvjSfxSgX6Tpw=",
        "owner": "nix-community",
        "repo": "impermanence",
        "rev": "bc3376a8e5ede458b14ccb7fb3fc680bf870f4d4",
        "type": "github"
      },
      "original": {
        "owner": "nix-community",
        "repo": "impermanence",
        "type": "github"
      }
    },
    "kak-auto-pairs": {
      "flake": false,
      "locked": {
        "lastModified": 1643626359,
        "narHash": "sha256-abhvJheqjKNUZ13AgjoQkCqC5eW3UfJ8jWg0zqfGZW8=",
        "owner": "alexherbo2",
        "repo": "auto-pairs.kak",
        "rev": "23e2f3e15c21a35ed3947c5f3cfac51dea37a747",
        "type": "github"
      },
      "original": {
        "owner": "alexherbo2",
        "repo": "auto-pairs.kak",
        "type": "github"
      }
    },
    "kak-casing": {
      "flake": false,
      "locked": {
        "lastModified": 1599852778,
        "narHash": "sha256-qsG0DRv3p7xxDHmHXFpxeIlsMr3eiQS8Tf/0SFJnYY4=",
        "owner": "Parasrah",
        "repo": "casing.kak",
        "rev": "bd579f04bbd17c3d8612ad0505a6641a78e239df",
        "type": "github"
      },
      "original": {
        "owner": "Parasrah",
        "repo": "casing.kak",
        "type": "github"
      }
    },
    "kak-change-directory": {
      "flake": false,
      "locked": {
        "lastModified": 1637099626,
        "narHash": "sha256-7H7TAJalPHWaYjYLy5IcZ92qtjaEMgMlcfSokUvsp8A=",
        "ref": "master",
        "rev": "1f81e56c16cc4c3560ab0b5e61a199aaec7f2f68",
        "revCount": 1,
        "type": "git",
        "url": "https://git@git.sr.ht/~dermetfan/change-directory.kak"
      },
      "original": {
        "type": "git",
        "url": "https://git@git.sr.ht/~dermetfan/change-directory.kak"
      }
    },
    "kak-close-tag": {
      "flake": false,
      "locked": {
        "lastModified": 1535463682,
        "narHash": "sha256-vKXP+yY9zDHlv0+wMQitszRFNu0RPuHO6n41UN9831U=",
        "owner": "h-youhei",
        "repo": "kakoune-close-tag",
        "rev": "c719939cef45efbba24d3a6dbcc1aa273bbb8b1a",
        "type": "github"
      },
      "original": {
        "owner": "h-youhei",
        "repo": "kakoune-close-tag",
        "type": "github"
      }
    },
    "kak-cosy-gruvbox": {
      "flake": false,
      "locked": {
        "lastModified": 1573817444,
        "narHash": "sha256-3koUXhgGT33l+yqMHHxL4PlJwOGTLjS10Egv+XjUDDU=",
        "owner": "Anfid",
        "repo": "cosy-gruvbox.kak",
        "rev": "9acb0c6c3166147570a94e722cad2da75a6a9421",
        "type": "github"
      },
      "original": {
        "owner": "Anfid",
        "repo": "cosy-gruvbox.kak",
        "type": "github"
      }
    },
    "kak-crosshairs": {
      "flake": false,
      "locked": {
        "lastModified": 1580127767,
        "narHash": "sha256-VOn9GGHludJasEwcCv6t1Q3/63w9139MCEkdRDnTw6E=",
        "owner": "insipx",
        "repo": "kak-crosshairs",
        "rev": "7edba13c535ce1bc67356b1c9461f5d261949d29",
        "type": "github"
      },
      "original": {
        "owner": "insipx",
        "repo": "kak-crosshairs",
        "type": "github"
      }
    },
    "kak-csv": {
      "flake": false,
      "locked": {
        "lastModified": 1590732324,
        "narHash": "sha256-3Y7J9ctuA9kyn8tlKTkxQiwXuglsWC54gaKtB1m3DA4=",
        "owner": "gspia",
        "repo": "csv.kak",
        "rev": "00d0c4269645e15c8f61202e265328c470cd85c2",
        "type": "github"
      },
      "original": {
        "owner": "gspia",
        "repo": "csv.kak",
        "type": "github"
      }
    },
    "kak-elvish": {
      "flake": false,
      "locked": {
        "lastModified": 1538213885,
        "narHash": "sha256-d5AQueYjYqwVy74LBN1rR3b40HwLB7Nb391BE7Bl/TM=",
        "owner": "SolitudeSF",
        "repo": "elvish.kak",
        "rev": "c71caa7575da93365e12fe031f5debc2baf73a6d",
        "type": "gitlab"
      },
      "original": {
        "owner": "SolitudeSF",
        "repo": "elvish.kak",
        "type": "gitlab"
      }
    },
    "kak-expand": {
      "flake": false,
      "locked": {
        "lastModified": 1628326664,
        "narHash": "sha256-enXDf9nhjIOs2MG4uLL8129ypYmf1fBiEFBD/Bl5Tg0=",
        "owner": "occivink",
        "repo": "kakoune-expand",
        "rev": "6a2b7bfc9701177fa44560ebc9598a66bef8b0ff",
        "type": "github"
      },
      "original": {
        "owner": "occivink",
        "repo": "kakoune-expand",
        "type": "github"
      }
    },
    "kak-explain-shell": {
      "flake": false,
      "locked": {
        "lastModified": 1560384459,
        "narHash": "sha256-wQT4P/qJg4Ir7cLeW1IfEO6DeLUchk9O51T4LJHbc4A=",
        "owner": "ath3",
        "repo": "explain-shell.kak",
        "rev": "503549ea7022a9ce9207be362d2fb74f7f6a72d6",
        "type": "github"
      },
      "original": {
        "owner": "ath3",
        "repo": "explain-shell.kak",
        "type": "github"
      }
    },
    "kak-fetch": {
      "flake": false,
      "locked": {
        "lastModified": 1644535943,
        "narHash": "sha256-/rKtuDn3s+rjX+G5osZXjCgJMhdfI5DvtW/SBRkBeVY=",
        "owner": "mmlb",
        "repo": "kak-fetch",
        "rev": "bf4a28bb9bb68fd2b568996dc5cb939bcabfe36a",
        "type": "github"
      },
      "original": {
        "owner": "mmlb",
        "repo": "kak-fetch",
        "type": "github"
      }
    },
    "kak-interactively": {
      "flake": false,
      "locked": {
        "lastModified": 1580304709,
        "narHash": "sha256-agbW3bg7MAiEVJt6OfZcs7mWMbTDIH1/73assrMHKV4=",
        "owner": "chambln",
        "repo": "kakoune-interactively",
        "rev": "948baa8b5a82d9ff0b4e13e3ce175b50f4222426",
        "type": "github"
      },
      "original": {
        "owner": "chambln",
        "repo": "kakoune-interactively",
        "type": "github"
      }
    },
    "kak-local-kakrc": {
      "flake": false,
      "locked": {
        "lastModified": 1573857088,
        "narHash": "sha256-NFQ0R9iJDaKvK9hBJVadY7FV+Va4RY314FKuf3WY8rU=",
        "owner": "dgmulf",
        "repo": "local-kakrc",
        "rev": "2f3107e4aa1b1416f43e7551c18f8f6f0ef90348",
        "type": "github"
      },
      "original": {
        "owner": "dgmulf",
        "repo": "local-kakrc",
        "type": "github"
      }
    },
    "kak-mark": {
      "flake": false,
      "locked": {
        "lastModified": 1546896884,
        "narHash": "sha256-mHZYNkpnlnd0PVPvgcqfLAt1qJo9NFHFR8065sgepIg=",
        "owner": "fsub",
        "repo": "kakoune-mark",
        "rev": "7dca6d72ba3c01824bdc2ca3b6a01be9bce2603a",
        "type": "gitlab"
      },
      "original": {
        "owner": "fsub",
        "repo": "kakoune-mark",
        "type": "gitlab"
      }
    },
    "kak-marks": {
      "flake": false,
      "locked": {
        "lastModified": 1524151124,
        "narHash": "sha256-lZf/bGX9Y6xR94VdoLHmMm+P7LaRxU2ltjM/9OwbizA=",
        "owner": "Delapouite",
        "repo": "kakoune-marks",
        "rev": "4aee81c4007f04e3d11813cdcc4c25730fe89bbd",
        "type": "github"
      },
      "original": {
        "owner": "Delapouite",
        "repo": "kakoune-marks",
        "type": "github"
      }
    },
    "kak-move-line": {
      "flake": false,
      "locked": {
        "lastModified": 1637099638,
        "narHash": "sha256-2OZdDfRmS4HxpdKMeZyLaBSqv3anaauz64OmhLcARTo=",
        "ref": "master",
        "rev": "47a6b216de6352ec8244b4375d7ee2805e084925",
        "revCount": 1,
        "type": "git",
        "url": "https://git@git.sr.ht/~dermetfan/move-line.kak"
      },
      "original": {
        "type": "git",
        "url": "https://git@git.sr.ht/~dermetfan/move-line.kak"
      }
    },
    "kak-neuron": {
      "flake": false,
      "locked": {
        "lastModified": 1642271147,
        "narHash": "sha256-h4NWC9J2gIfSAaz8L9t4PgnudoRb01V4/X8wARIB9qw=",
        "owner": "MilanVasko",
        "repo": "neuron-kak",
        "rev": "f51bca9acf091401563e54d7d6fc119beaa04605",
        "type": "github"
      },
      "original": {
        "owner": "MilanVasko",
        "repo": "neuron-kak",
        "type": "github"
      }
    },
    "kak-palette": {
      "flake": false,
      "locked": {
        "lastModified": 1568633231,
        "narHash": "sha256-fk0TL6qG3zX8cPp1xvhMw0/g9xSKKp04uyagaPq/Nd0=",
        "owner": "Delapouite",
        "repo": "kakoune-palette",
        "rev": "052cab5f48578679d94717ed5f62429be9865d5d",
        "type": "github"
      },
      "original": {
        "owner": "Delapouite",
        "repo": "kakoune-palette",
        "type": "github"
      }
    },
    "kak-phantom-selection": {
      "flake": false,
      "locked": {
        "lastModified": 1628326567,
        "narHash": "sha256-yADE6JVJWG/vkPH5AKlrY+HN+5JGXuk0ZFJ7bE82ii8=",
        "owner": "occivink",
        "repo": "kakoune-phantom-selection",
        "rev": "c522ecde928f0bf8cb9cb94efdf7208fa3bdf2e1",
        "type": "github"
      },
      "original": {
        "owner": "occivink",
        "repo": "kakoune-phantom-selection",
        "type": "github"
      }
    },
    "kak-registers": {
      "flake": false,
      "locked": {
        "lastModified": 1592549244,
        "narHash": "sha256-DCmyGSLr3qUV5i/xze0uUaWp5yug4qwzypsfCF+zaSM=",
        "owner": "Delapouite",
        "repo": "kakoune-registers",
        "rev": "9531947baecd83c1d4c3bea0adf10f4462f1e120",
        "type": "github"
      },
      "original": {
        "owner": "Delapouite",
        "repo": "kakoune-registers",
        "type": "github"
      }
    },
    "kak-shellcheck": {
      "flake": false,
      "locked": {
        "lastModified": 1602383725,
        "narHash": "sha256-shorXndYik+SsEyVJ6noOdiQzzwM+x+joMsfNAiUSZg=",
        "owner": "whereswaldon",
        "repo": "shellcheck.kak",
        "rev": "4e633978c119bbb71f215828f7b59cea71a2c5a4",
        "type": "github"
      },
      "original": {
        "owner": "whereswaldon",
        "repo": "shellcheck.kak",
        "type": "github"
      }
    },
    "kak-smart-quotes": {
      "flake": false,
      "locked": {
        "lastModified": 1601758814,
        "narHash": "sha256-aFQWbUqPjAh13NW8XgI2pHlfVh9+mc2fNajZJCwi2pE=",
        "owner": "chambln",
        "repo": "kakoune-smart-quotes",
        "rev": "7eeebc475b3d5c2b8d471c42ed8b3c8f75a81cf9",
        "type": "github"
      },
      "original": {
        "owner": "chambln",
        "repo": "kakoune-smart-quotes",
        "type": "github"
      }
    },
    "kak-smarttab": {
      "flake": false,
      "locked": {
        "lastModified": 1614190700,
        "narHash": "sha256-4kEXeYKJrEIzJ+aEP/zTUjtWcRbbKm5Levbe9w6ZiTw=",
        "owner": "andreyorst",
        "repo": "smarttab.kak",
        "rev": "1dd3f33c4f65da5c13aee5d44b2e77399595830f",
        "type": "github"
      },
      "original": {
        "owner": "andreyorst",
        "repo": "smarttab.kak",
        "type": "github"
      }
    },
    "kak-sudo-write": {
      "flake": false,
      "locked": {
        "lastModified": 1629101282,
        "narHash": "sha256-O+yw8upyYnQThDoWKnFbjrjthPTCm6EaBUoJNqpUPLA=",
        "owner": "occivink",
        "repo": "kakoune-sudo-write",
        "rev": "ec0d6d26ceaadd93d6824630ba587b31e442214d",
        "type": "github"
      },
      "original": {
        "owner": "occivink",
        "repo": "kakoune-sudo-write",
        "type": "github"
      }
    },
    "kak-surround": {
      "flake": false,
      "locked": {
        "lastModified": 1537174588,
        "narHash": "sha256-0PicMTkYRnhtrFAMWVgynE4HfoL9/EHZIu4rTSE+zSU=",
        "owner": "h-youhei",
        "repo": "kakoune-surround",
        "rev": "efe74c6f434d1e30eff70d4b0d737f55bf6c5022",
        "type": "github"
      },
      "original": {
        "owner": "h-youhei",
        "repo": "kakoune-surround",
        "type": "github"
      }
    },
    "kak-table": {
      "flake": false,
      "locked": {
        "lastModified": 1580426293,
        "narHash": "sha256-ehgE4+WD+bX9PZBO3pT4XxxIpcfO+/tmfAqJhqxZx3U=",
        "owner": "listentolist",
        "repo": "kakoune-table",
        "rev": "d6ef13ef43b3b316db04dc544db26b7f72818017",
        "type": "github"
      },
      "original": {
        "owner": "listentolist",
        "repo": "kakoune-table",
        "type": "github"
      }
    },
    "kak-tmux-info": {
      "flake": false,
      "locked": {
        "lastModified": 1610906705,
        "narHash": "sha256-GTjvvIW/Ia7UsMEf7mnxQxN6mnRlsXRYe2QGgF6CZ3I=",
        "owner": "jbomanson",
        "repo": "tmux-kak-info.kak",
        "rev": "180bdabea21d7764663aa14c4f30f406f3aa2732",
        "type": "github"
      },
      "original": {
        "owner": "jbomanson",
        "repo": "tmux-kak-info.kak",
        "type": "github"
      }
    },
    "kak-tug": {
      "flake": false,
      "locked": {
        "lastModified": 1582353132,
        "narHash": "sha256-cW11DPsjBBtjOfU9gizH8dGSV3B1rQiD0qeO/Ab8jWI=",
        "owner": "matthias-margush",
        "repo": "tug",
        "rev": "23adaadb795af2d86dcb3daf7af3ebe12e932441",
        "type": "github"
      },
      "original": {
        "owner": "matthias-margush",
        "repo": "tug",
        "type": "github"
      }
    },
    "kak-word-select": {
      "flake": false,
      "locked": {
        "lastModified": 1637099654,
        "narHash": "sha256-jO4ET4u7SkvlnS6LuAZGH6CCa9/mwDVXiyx9BSuEGnA=",
        "ref": "master",
        "rev": "adcccb280de928636b32130857310c641813442f",
        "revCount": 1,
        "type": "git",
        "url": "https://git@git.sr.ht/~dermetfan/word-select.kak"
      },
      "original": {
        "type": "git",
        "url": "https://git@git.sr.ht/~dermetfan/word-select.kak"
      }
    },
    "kak-wordcount": {
      "flake": false,
      "locked": {
        "lastModified": 1587419351,
        "narHash": "sha256-l0z53ljscCtyjZiawoVUQFDuXwbjxrfP8B6RphEgE7Q=",
        "owner": "ftonneau",
        "repo": "wordcount.kak",
        "rev": "1a5216d5acfb7220378e825646b0597ea6219f79",
        "type": "github"
      },
      "original": {
        "owner": "ftonneau",
        "repo": "wordcount.kak",
        "type": "github"
      }
    },
    "neuron": {
      "inputs": {
        "flake-compat": "flake-compat_2",
        "flake-utils": "flake-utils_4",
        "nixpkgs": [
          "nixpkgs"
        ]
      },
      "locked": {
        "lastModified": 1633806410,
        "narHash": "sha256-tHvgitxpGDqtLfKEuw3zQcNKd5g0gv/LooAqLt9OKg0=",
        "owner": "srid",
        "repo": "neuron",
        "rev": "10e3ea028c23e664e540d0460e9515bdf02ac51d",
        "type": "github"
      },
      "original": {
        "owner": "srid",
        "repo": "neuron",
        "type": "github"
      }
    },
    "nixpkgs": {
      "locked": {
        "lastModified": 1646159311,
        "narHash": "sha256-ILKckkiG074t3a0pwaPLjio8zVWgowpEp7AUwI5HjHE=",
        "owner": "nixos",
        "repo": "nixpkgs",
        "rev": "18bd82edcc752d6a0e6cce1401ba0c81353a03ca",
        "type": "github"
      },
      "original": {
        "owner": "nixos",
        "ref": "nixos-unstable",
        "repo": "nixpkgs",
        "type": "github"
      }
    },
    "nixpkgs-21.05": {
      "locked": {
        "lastModified": 1642244250,
        "narHash": "sha256-vWpUEqQdVP4srj+/YLJRTN9vjpTs4je0cdWKXPbDItc=",
        "owner": "NixOS",
        "repo": "nixpkgs",
        "rev": "0fd9ee1aa36ce865ad273f4f07fdc093adeb5c00",
        "type": "github"
      },
      "original": {
        "id": "nixpkgs",
        "ref": "release-21.05",
        "type": "indirect"
      }
    },
    "nixpkgs_2": {
      "locked": {
        "lastModified": 1644486793,
        "narHash": "sha256-EeijR4guVHgVv+JpOX3cQO+1XdrkJfGmiJ9XVsVU530=",
        "owner": "NixOS",
        "repo": "nixpkgs",
        "rev": "1882c6b7368fd284ad01b0a5b5601ef136321292",
        "type": "github"
      },
      "original": {
        "id": "nixpkgs",
        "type": "indirect"
      }
    },
    "nixpkgs_3": {
      "locked": {
        "lastModified": 1644750380,
        "narHash": "sha256-c4LvV88zB9YvM/6rLElbq4e62XtEO9pBINqsrlmH++M=",
        "owner": "NixOS",
        "repo": "nixpkgs",
        "rev": "c28fb0a4671ff2715c1922719797615945e5b6a0",
        "type": "github"
      },
      "original": {
        "id": "nixpkgs",
        "ref": "release-21.11",
        "type": "indirect"
      }
    },
    "nur": {
      "locked": {
        "lastModified": 1644757505,
        "narHash": "sha256-oNYJS2EJPE1Fk75ZHaptvFz3p36YWT4ehIH1WhdecWc=",
        "owner": "nix-community",
        "repo": "NUR",
        "rev": "be2695f4d631328c884a1df1c359e64898f1ef80",
        "type": "github"
      },
      "original": {
        "owner": "nix-community",
        "repo": "NUR",
        "type": "github"
      }
    },
    "root": {
      "inputs": {
        "agenix": "agenix",
        "deploy-rs": "deploy-rs",
        "dermetfan-blog": "dermetfan-blog",
        "fish-abbreviation-tips": "fish-abbreviation-tips",
        "fish-autopair": "fish-autopair",
        "fish-colored-man-pages": "fish-colored-man-pages",
        "fish-tide": "fish-tide",
        "flake-utils": "flake-utils_2",
        "home-manager": "home-manager",
        "hosts": "hosts",
        "impermanence": "impermanence",
        "kak-auto-pairs": "kak-auto-pairs",
        "kak-casing": "kak-casing",
        "kak-change-directory": "kak-change-directory",
        "kak-close-tag": "kak-close-tag",
        "kak-cosy-gruvbox": "kak-cosy-gruvbox",
        "kak-crosshairs": "kak-crosshairs",
        "kak-csv": "kak-csv",
        "kak-elvish": "kak-elvish",
        "kak-expand": "kak-expand",
        "kak-explain-shell": "kak-explain-shell",
        "kak-fetch": "kak-fetch",
        "kak-interactively": "kak-interactively",
        "kak-local-kakrc": "kak-local-kakrc",
        "kak-mark": "kak-mark",
        "kak-marks": "kak-marks",
        "kak-move-line": "kak-move-line",
        "kak-neuron": "kak-neuron",
        "kak-palette": "kak-palette",
        "kak-phantom-selection": "kak-phantom-selection",
        "kak-registers": "kak-registers",
        "kak-shellcheck": "kak-shellcheck",
        "kak-smart-quotes": "kak-smart-quotes",
        "kak-smarttab": "kak-smarttab",
        "kak-sudo-write": "kak-sudo-write",
        "kak-surround": "kak-surround",
        "kak-table": "kak-table",
        "kak-tmux-info": "kak-tmux-info",
        "kak-tug": "kak-tug",
        "kak-word-select": "kak-word-select",
        "kak-wordcount": "kak-wordcount",
        "neuron": "neuron",
        "nixpkgs": "nixpkgs_3",
        "nixpkgs-21.05": "nixpkgs-21.05",
        "nur": "nur"
      }
    },
    "rust-overlay": {
      "inputs": {
        "flake-utils": [
          "agenix",
          "flake-utils"
        ],
        "nixpkgs": [
          "agenix",
          "nixpkgs"
        ]
      },
      "locked": {
        "lastModified": 1644633594,
        "narHash": "sha256-Te6mBYYirUwsoqENvVx1K1EEoRq2CKrTnNkWF42jNgE=",
        "owner": "oxalica",
        "repo": "rust-overlay",
        "rev": "14c48021a9a5fe6ea8ae6b21c15caa106afa9d19",
        "type": "github"
      },
      "original": {
        "owner": "oxalica",
        "repo": "rust-overlay",
        "type": "github"
      }
    },
    "styx": {
      "inputs": {
        "nixpkgs": "nixpkgs_2",
        "utils": "utils"
      },
      "locked": {
        "lastModified": 1631224929,
        "narHash": "sha256-JxjMItYN0mG2r7/ksmIqXGYKZziF1KyivXunkczfS3Y=",
        "owner": "dermetfan",
        "repo": "styx",
        "rev": "514e1369b1f9043dfe3a2c1299eb12b7fd2f9902",
        "type": "github"
      },
      "original": {
        "owner": "dermetfan",
        "ref": "modernize",
        "repo": "styx",
        "type": "github"
      }
    },
    "utils": {
      "locked": {
        "lastModified": 1644229661,
        "narHash": "sha256-1YdnJAsNy69bpcjuoKdOYQX0YxZBiCYZo4Twxerqv7k=",
        "owner": "numtide",
        "repo": "flake-utils",
        "rev": "3cecb5b042f7f209c56ffd8371b2711a290ec797",
        "type": "github"
      },
      "original": {
        "owner": "numtide",
        "repo": "flake-utils",
        "type": "github"
      }
    }
  },
  "root": "root",
  "version": 7
}
