{
  "nodes": {
    "agenix": {
      "inputs": {
        "agenix": "agenix_2",
        "crane": "crane",
        "flake-utils": [
          "flake-utils"
        ],
        "nixpkgs": [
          "nixpkgs"
        ],
        "rust-overlay": "rust-overlay"
      },
      "locked": {
        "lastModified": 1744897914,
        "narHash": "sha256-GIVU92o2TZBnKQXTb76zpQbWR4zjU2rFqWKNIIpXnqA=",
        "owner": "yaxitech",
        "repo": "ragenix",
        "rev": "40f2e17ecaeab4d78ec323e96a04548c0aaa5223",
        "type": "github"
      },
      "original": {
        "owner": "yaxitech",
        "repo": "ragenix",
        "type": "github"
      }
    },
    "agenix_2": {
      "inputs": {
        "darwin": "darwin",
        "home-manager": "home-manager",
        "nixpkgs": [
          "agenix",
          "nixpkgs"
        ],
        "systems": "systems"
      },
      "locked": {
        "lastModified": 1736955230,
        "narHash": "sha256-uenf8fv2eG5bKM8C/UvFaiJMZ4IpUFaQxk9OH5t/1gA=",
        "owner": "ryantm",
        "repo": "agenix",
        "rev": "e600439ec4c273cf11e06fe4d9d906fb98fa097c",
        "type": "github"
      },
      "original": {
        "owner": "ryantm",
        "repo": "agenix",
        "type": "github"
      }
    },
    "base16": {
      "inputs": {
        "fromYaml": "fromYaml"
      },
      "locked": {
        "lastModified": 1746562888,
        "narHash": "sha256-YgNJQyB5dQiwavdDFBMNKk1wyS77AtdgDk/VtU6wEaI=",
        "owner": "SenchoPens",
        "repo": "base16.nix",
        "rev": "806a1777a5db2a1ef9d5d6f493ef2381047f2b89",
        "type": "github"
      },
      "original": {
        "owner": "SenchoPens",
        "repo": "base16.nix",
        "type": "github"
      }
    },
    "base16-fish": {
      "flake": false,
      "locked": {
        "lastModified": 1622559957,
        "narHash": "sha256-PebymhVYbL8trDVVXxCvZgc0S5VxI7I1Hv4RMSquTpA=",
        "owner": "tomyun",
        "repo": "base16-fish",
        "rev": "2f6dd973a9075dabccd26f1cded09508180bf5fe",
        "type": "github"
      },
      "original": {
        "owner": "tomyun",
        "repo": "base16-fish",
        "type": "github"
      }
    },
    "base16-helix": {
      "flake": false,
      "locked": {
        "lastModified": 1748408240,
        "narHash": "sha256-9M2b1rMyMzJK0eusea0x3lyh3mu5nMeEDSc4RZkGm+g=",
        "owner": "tinted-theming",
        "repo": "base16-helix",
        "rev": "6c711ab1a9db6f51e2f6887cc3345530b33e152e",
        "type": "github"
      },
      "original": {
        "owner": "tinted-theming",
        "repo": "base16-helix",
        "type": "github"
      }
    },
    "base16-vim": {
      "flake": false,
      "locked": {
        "lastModified": 1732806396,
        "narHash": "sha256-e0bpPySdJf0F68Ndanwm+KWHgQiZ0s7liLhvJSWDNsA=",
        "owner": "tinted-theming",
        "repo": "base16-vim",
        "rev": "577fe8125d74ff456cf942c733a85d769afe58b7",
        "type": "github"
      },
      "original": {
        "owner": "tinted-theming",
        "repo": "base16-vim",
        "rev": "577fe8125d74ff456cf942c733a85d769afe58b7",
        "type": "github"
      }
    },
    "colmena": {
      "inputs": {
        "flake-compat": "flake-compat",
        "flake-utils": [
          "flake-utils"
        ],
        "nix-github-actions": "nix-github-actions",
        "nixpkgs": [
          "nixpkgs"
        ],
        "stable": [
          "nixpkgs"
        ]
      },
      "locked": {
        "lastModified": 1751144689,
        "narHash": "sha256-cgIntaqhcm62V1KU6GmrAGpHpahT4UExEWW2ryS02ZU=",
        "owner": "zhaofengli",
        "repo": "colmena",
        "rev": "3ceec72cfb396a8a8de5fe96a9d75a9ce88cc18e",
        "type": "github"
      },
      "original": {
        "owner": "zhaofengli",
        "repo": "colmena",
        "type": "github"
      }
    },
    "copyparty": {
      "inputs": {
        "flake-utils": [
          "flake-utils"
        ],
        "nixpkgs": [
          "nixpkgs"
        ]
      },
      "locked": {
        "lastModified": 1756412090,
        "narHash": "sha256-0dPIr7Cpy8bUhjNS125qN0MX2jIUTEsaTRo5nPT8oZY=",
        "owner": "9001",
        "repo": "copyparty",
        "rev": "26a29797a6c476bffffb8c9cc332d578f6bc1614",
        "type": "github"
      },
      "original": {
        "owner": "9001",
        "ref": "v1.19.7",
        "repo": "copyparty",
        "type": "github"
      }
    },
    "crane": {
      "locked": {
        "lastModified": 1741481578,
        "narHash": "sha256-JBTSyJFQdO3V8cgcL08VaBUByEU6P5kXbTJN6R0PFQo=",
        "owner": "ipetkov",
        "repo": "crane",
        "rev": "bb1c9567c43e4434f54e9481eb4b8e8e0d50f0b5",
        "type": "github"
      },
      "original": {
        "owner": "ipetkov",
        "repo": "crane",
        "type": "github"
      }
    },
    "darwin": {
      "inputs": {
        "nixpkgs": [
          "agenix",
          "agenix",
          "nixpkgs"
        ]
      },
      "locked": {
        "lastModified": 1700795494,
        "narHash": "sha256-gzGLZSiOhf155FW7262kdHo2YDeugp3VuIFb4/GGng0=",
        "owner": "lnl7",
        "repo": "nix-darwin",
        "rev": "4b9b83d5a92e8c1fbfd8eb27eda375908c11ec4d",
        "type": "github"
      },
      "original": {
        "owner": "lnl7",
        "ref": "master",
        "repo": "nix-darwin",
        "type": "github"
      }
    },
    "dermetfan-blog": {
      "inputs": {
        "flake-utils": "flake-utils",
        "nixpkgs": [
          "nixpkgs"
        ],
        "styx": "styx"
      },
      "locked": {
        "lastModified": 1751805231,
        "narHash": "sha256-Ehp7/vZzJK2lqexm+AxNkdaKihr+bGDtJ6s6QiOFz9o=",
        "owner": "~dermetfan",
        "repo": "dermetfan-blog",
        "rev": "9bab3e635350bf44e9f036da8059e476a6296f7e",
        "type": "sourcehut"
      },
      "original": {
        "owner": "~dermetfan",
        "repo": "dermetfan-blog",
        "type": "sourcehut"
      }
    },
    "disko": {
      "inputs": {
        "nixpkgs": [
          "nixpkgs"
        ]
      },
      "locked": {
        "lastModified": 1746728054,
        "narHash": "sha256-eDoSOhxGEm2PykZFa/x9QG5eTH0MJdiJ9aR00VAofXE=",
        "owner": "nix-community",
        "repo": "disko",
        "rev": "ff442f5d1425feb86344c028298548024f21256d",
        "type": "github"
      },
      "original": {
        "owner": "nix-community",
        "ref": "v1.12.0",
        "repo": "disko",
        "type": "github"
      }
    },
    "firefox-gnome-theme": {
      "flake": false,
      "locked": {
        "lastModified": 1748383148,
        "narHash": "sha256-pGvD/RGuuPf/4oogsfeRaeMm6ipUIznI2QSILKjKzeA=",
        "owner": "rafaelmardojai",
        "repo": "firefox-gnome-theme",
        "rev": "4eb2714fbed2b80e234312611a947d6cb7d70caf",
        "type": "github"
      },
      "original": {
        "owner": "rafaelmardojai",
        "repo": "firefox-gnome-theme",
        "type": "github"
      }
    },
    "fish-abbreviation-tips": {
      "flake": false,
      "locked": {
        "lastModified": 1674487577,
        "narHash": "sha256-F1t81VliD+v6WEWqj1c1ehFBXzqLyumx5vV46s/FZRU=",
        "owner": "Gazorby",
        "repo": "fish-abbreviation-tips",
        "rev": "8ed76a62bb044ba4ad8e3e6832640178880df485",
        "type": "github"
      },
      "original": {
        "owner": "Gazorby",
        "repo": "fish-abbreviation-tips",
        "type": "github"
      }
    },
    "fish-autopair": {
      "flake": false,
      "locked": {
        "lastModified": 1656950411,
        "narHash": "sha256-qt3t1iKRRNuiLWiVoiAYOu+9E7jsyECyIqZJ/oRIT1A=",
        "owner": "jorgebucaran",
        "repo": "autopair.fish",
        "rev": "4d1752ff5b39819ab58d7337c69220342e9de0e2",
        "type": "github"
      },
      "original": {
        "owner": "jorgebucaran",
        "repo": "autopair.fish",
        "type": "github"
      }
    },
    "fish-colored-man-pages": {
      "flake": false,
      "locked": {
        "lastModified": 1651274650,
        "narHash": "sha256-ii9gdBPlC1/P1N9xJzqomrkyDqIdTg+iCg0mwNVq2EU=",
        "owner": "PatrickF1",
        "repo": "colored_man_pages.fish",
        "rev": "f885c2507128b70d6c41b043070a8f399988bc7a",
        "type": "github"
      },
      "original": {
        "owner": "PatrickF1",
        "repo": "colored_man_pages.fish",
        "type": "github"
      }
    },
    "fish-tide": {
      "flake": false,
      "locked": {
        "lastModified": 1618436545,
        "narHash": "sha256-XTpkjQOdFXBO9NlEwOMX26bbuxojVmdtxDcfLKXFUdE=",
        "owner": "IlanCosman",
        "repo": "tide",
        "rev": "630ae9f7d93c5f53880e7d59ae4e61f6390b71a1",
        "type": "github"
      },
      "original": {
        "owner": "IlanCosman",
        "ref": "v4.3.4",
        "repo": "tide",
        "type": "github"
      }
    },
    "flake-compat": {
      "flake": false,
      "locked": {
        "lastModified": 1650374568,
        "narHash": "sha256-Z+s0J8/r907g149rllvwhb4pKi8Wam5ij0st8PwAh+E=",
        "owner": "edolstra",
        "repo": "flake-compat",
        "rev": "b4a34015c698c7793d592d66adbab377907a2be8",
        "type": "github"
      },
      "original": {
        "owner": "edolstra",
        "repo": "flake-compat",
        "type": "github"
      }
    },
    "flake-compat_2": {
      "flake": false,
      "locked": {
        "lastModified": 1747046372,
        "narHash": "sha256-CIVLLkVgvHYbgI2UpXvIIBJ12HWgX+fjA8Xf8PUmqCY=",
        "owner": "edolstra",
        "repo": "flake-compat",
        "rev": "9100a0f413b0c601e0533d1d94ffd501ce2e7885",
        "type": "github"
      },
      "original": {
        "owner": "edolstra",
        "repo": "flake-compat",
        "type": "github"
      }
    },
    "flake-parts": {
      "inputs": {
        "nixpkgs-lib": "nixpkgs-lib"
      },
      "locked": {
        "lastModified": 1751413152,
        "narHash": "sha256-Tyw1RjYEsp5scoigs1384gIg6e0GoBVjms4aXFfRssQ=",
        "owner": "hercules-ci",
        "repo": "flake-parts",
        "rev": "77826244401ea9de6e3bac47c2db46005e1f30b5",
        "type": "github"
      },
      "original": {
        "owner": "hercules-ci",
        "repo": "flake-parts",
        "type": "github"
      }
    },
    "flake-utils": {
      "locked": {
        "lastModified": 1629481132,
        "narHash": "sha256-JHgasjPR0/J1J3DRm4KxM4zTyAj4IOJY8vIl75v/kPI=",
        "owner": "numtide",
        "repo": "flake-utils",
        "rev": "997f7efcb746a9c140ce1f13c72263189225f482",
        "type": "github"
      },
      "original": {
        "owner": "numtide",
        "repo": "flake-utils",
        "type": "github"
      }
    },
    "flake-utils_2": {
      "inputs": {
        "systems": "systems_2"
      },
      "locked": {
        "lastModified": 1731533236,
        "narHash": "sha256-l0KFg5HjrsfsO/JpG+r7fRrqm12kzFHyUHqHCVpMMbI=",
        "owner": "numtide",
        "repo": "flake-utils",
        "rev": "11707dc2f618dd54ca8739b309ec4fc024de578b",
        "type": "github"
      },
      "original": {
        "owner": "numtide",
        "repo": "flake-utils",
        "type": "github"
      }
    },
    "flake-utils_3": {
      "inputs": {
        "systems": "systems_3"
      },
      "locked": {
        "lastModified": 1731533236,
        "narHash": "sha256-l0KFg5HjrsfsO/JpG+r7fRrqm12kzFHyUHqHCVpMMbI=",
        "owner": "numtide",
        "repo": "flake-utils",
        "rev": "11707dc2f618dd54ca8739b309ec4fc024de578b",
        "type": "github"
      },
      "original": {
        "owner": "numtide",
        "repo": "flake-utils",
        "type": "github"
      }
    },
    "fromYaml": {
      "flake": false,
      "locked": {
        "lastModified": 1731966426,
        "narHash": "sha256-lq95WydhbUTWig/JpqiB7oViTcHFP8Lv41IGtayokA8=",
        "owner": "SenchoPens",
        "repo": "fromYaml",
        "rev": "106af9e2f715e2d828df706c386a685698f3223b",
        "type": "github"
      },
      "original": {
        "owner": "SenchoPens",
        "repo": "fromYaml",
        "type": "github"
      }
    },
    "gnome-shell": {
      "flake": false,
      "locked": {
        "lastModified": 1744584021,
        "narHash": "sha256-0RJ4mJzf+klKF4Fuoc8VN8dpQQtZnKksFmR2jhWE1Ew=",
        "owner": "GNOME",
        "repo": "gnome-shell",
        "rev": "52c517c8f6c199a1d6f5118fae500ef69ea845ae",
        "type": "github"
      },
      "original": {
        "owner": "GNOME",
        "ref": "48.1",
        "repo": "gnome-shell",
        "type": "github"
      }
    },
    "gruvbox-wallpapers": {
      "flake": false,
      "locked": {
        "lastModified": 1642854814,
        "narHash": "sha256-d28r/s+m32hqzF/S/ebyBCd5XLKJTFSaQXmMdHFUH64=",
        "owner": "vctrblck",
        "repo": "gruvbox-wallpapers",
        "rev": "ff9ade4c49299e08c11bd8ce2f17cdae7f9b706d",
        "type": "github"
      },
      "original": {
        "owner": "vctrblck",
        "repo": "gruvbox-wallpapers",
        "type": "github"
      }
    },
    "home-manager": {
      "inputs": {
        "nixpkgs": [
          "agenix",
          "agenix",
          "nixpkgs"
        ]
      },
      "locked": {
        "lastModified": 1703113217,
        "narHash": "sha256-7ulcXOk63TIT2lVDSExj7XzFx09LpdSAPtvgtM7yQPE=",
        "owner": "nix-community",
        "repo": "home-manager",
        "rev": "3bfaacf46133c037bb356193bd2f1765d9dc82c1",
        "type": "github"
      },
      "original": {
        "owner": "nix-community",
        "repo": "home-manager",
        "type": "github"
      }
    },
    "home-manager-shell": {
      "inputs": {
        "flake-utils": [
          "flake-utils"
        ],
        "home-manager": [
          "home-manager"
        ],
        "nixpkgs": [
          "nixpkgs"
        ]
      },
      "locked": {
        "lastModified": 1735387747,
        "narHash": "sha256-J093rCY9bBcazKH0RcMoDU8e+T8JpBn66MYJaFDdwag=",
        "owner": "~dermetfan",
        "repo": "home-manager-shell",
        "rev": "67afa7b02eba6e4a17e943ba811a77fbb5a25686",
        "type": "sourcehut"
      },
      "original": {
        "owner": "~dermetfan",
        "ref": "release-24.11",
        "repo": "home-manager-shell",
        "type": "sourcehut"
      }
    },
    "home-manager_2": {
      "inputs": {
        "nixpkgs": [
          "nixpkgs"
        ]
      },
      "locked": {
        "lastModified": 1751810233,
        "narHash": "sha256-kllkNbIqQi3VplgTMeGzuh1t8Gk8TauvkTRt93Km+tQ=",
        "owner": "nix-community",
        "repo": "home-manager",
        "rev": "9b0873b46c9f9e4b7aa01eb634952c206af53068",
        "type": "github"
      },
      "original": {
        "owner": "nix-community",
        "ref": "release-25.05",
        "repo": "home-manager",
        "type": "github"
      }
    },
    "hosts": {
      "inputs": {
        "nixpkgs": [
          "nixpkgs"
        ]
      },
      "locked": {
        "lastModified": 1751727625,
        "narHash": "sha256-sZa90ODMZpQvsxrMRPkj2A6FXcTpAgC7n0S9XU3+yAY=",
        "owner": "StevenBlack",
        "repo": "hosts",
        "rev": "1005c2bc2e8e07897ad637281fee3a5eec44df72",
        "type": "github"
      },
      "original": {
        "owner": "StevenBlack",
        "repo": "hosts",
        "type": "github"
      }
    },
    "impermanence": {
      "locked": {
        "lastModified": 1737831083,
        "narHash": "sha256-LJggUHbpyeDvNagTUrdhe/pRVp4pnS6wVKALS782gRI=",
        "owner": "nix-community",
        "repo": "impermanence",
        "rev": "4b3e914cdf97a5b536a889e939fb2fd2b043a170",
        "type": "github"
      },
      "original": {
        "owner": "nix-community",
        "repo": "impermanence",
        "type": "github"
      }
    },
    "kak-beancount": {
      "flake": false,
      "locked": {
        "lastModified": 1688359850,
        "narHash": "sha256-tut7ydCD7idZvZdJtiASsS8ogwG9C4dSOT4+Q00YJfM=",
        "owner": "enricozb",
        "repo": "beancount.kak",
        "rev": "ed6800bd05867c5f983c3d4f532e53da440960af",
        "type": "github"
      },
      "original": {
        "owner": "enricozb",
        "repo": "beancount.kak",
        "type": "github"
      }
    },
    "kak-case": {
      "flake": false,
      "locked": {
        "lastModified": 1580397749,
        "narHash": "sha256-t/FmcZr0WTNNnn0VS2w7xXqc8r1rR07OfXiqx2mWVgA=",
        "owner": "FlyingWombat",
        "repo": "case.kak",
        "rev": "6f1511820aa3abfa118e0f856118adc8113e2185",
        "type": "gitlab"
      },
      "original": {
        "owner": "FlyingWombat",
        "repo": "case.kak",
        "type": "gitlab"
      }
    },
    "kak-change-directory": {
      "flake": false,
      "locked": {
        "lastModified": 1637099626,
        "narHash": "sha256-7H7TAJalPHWaYjYLy5IcZ92qtjaEMgMlcfSokUvsp8A=",
        "owner": "~dermetfan",
        "repo": "change-directory.kak",
        "rev": "1f81e56c16cc4c3560ab0b5e61a199aaec7f2f68",
        "type": "sourcehut"
      },
      "original": {
        "owner": "~dermetfan",
        "repo": "change-directory.kak",
        "type": "sourcehut"
      }
    },
    "kak-close-tag": {
      "flake": false,
      "locked": {
        "lastModified": 1535463682,
        "narHash": "sha256-vKXP+yY9zDHlv0+wMQitszRFNu0RPuHO6n41UN9831U=",
        "owner": "h-youhei",
        "repo": "kakoune-close-tag",
        "rev": "c719939cef45efbba24d3a6dbcc1aa273bbb8b1a",
        "type": "github"
      },
      "original": {
        "owner": "h-youhei",
        "repo": "kakoune-close-tag",
        "type": "github"
      }
    },
    "kak-cosy-gruvbox": {
      "flake": false,
      "locked": {
        "lastModified": 1732619768,
        "narHash": "sha256-Q4swcJUwJeSGqfkMrdfCSLD3AoOJ9sjYSBibnt8NSMU=",
        "owner": "Anfid",
        "repo": "cosy-gruvbox.kak",
        "rev": "8b73649d2ec5dc422e18e726bc594f63dde15459",
        "type": "github"
      },
      "original": {
        "owner": "Anfid",
        "repo": "cosy-gruvbox.kak",
        "type": "github"
      }
    },
    "kak-crosshairs": {
      "flake": false,
      "locked": {
        "lastModified": 1580127767,
        "narHash": "sha256-VOn9GGHludJasEwcCv6t1Q3/63w9139MCEkdRDnTw6E=",
        "owner": "insipx",
        "repo": "kak-crosshairs",
        "rev": "7edba13c535ce1bc67356b1c9461f5d261949d29",
        "type": "github"
      },
      "original": {
        "owner": "insipx",
        "repo": "kak-crosshairs",
        "type": "github"
      }
    },
    "kak-csv": {
      "flake": false,
      "locked": {
        "lastModified": 1590732324,
        "narHash": "sha256-3Y7J9ctuA9kyn8tlKTkxQiwXuglsWC54gaKtB1m3DA4=",
        "owner": "gspia",
        "repo": "csv.kak",
        "rev": "00d0c4269645e15c8f61202e265328c470cd85c2",
        "type": "github"
      },
      "original": {
        "owner": "gspia",
        "repo": "csv.kak",
        "type": "github"
      }
    },
    "kak-easymotion": {
      "flake": false,
      "locked": {
        "lastModified": 1720276949,
        "narHash": "sha256-/V2K253aoINQQ5RiWKPBFSzc3HsWJRH+di6oaivsHEA=",
        "owner": "~voroskoi",
        "repo": "easymotion.kak",
        "rev": "215bc523324347d1e8920e80d8ac1763212941ab",
        "type": "sourcehut"
      },
      "original": {
        "owner": "~voroskoi",
        "repo": "easymotion.kak",
        "type": "sourcehut"
      }
    },
    "kak-elvish": {
      "flake": false,
      "locked": {
        "lastModified": 1538213885,
        "narHash": "sha256-d5AQueYjYqwVy74LBN1rR3b40HwLB7Nb391BE7Bl/TM=",
        "owner": "SolitudeSF",
        "repo": "elvish.kak",
        "rev": "c71caa7575da93365e12fe031f5debc2baf73a6d",
        "type": "gitlab"
      },
      "original": {
        "owner": "SolitudeSF",
        "repo": "elvish.kak",
        "type": "gitlab"
      }
    },
    "kak-expand": {
      "flake": false,
      "locked": {
        "lastModified": 1682270642,
        "narHash": "sha256-v6xQHUCvD0wvDO9Biek7uhFpnssUqoWVEog4ndY4w2U=",
        "owner": "occivink",
        "repo": "kakoune-expand",
        "rev": "36da21591c78a7886714b0bd3b319fb57adbe182",
        "type": "github"
      },
      "original": {
        "owner": "occivink",
        "repo": "kakoune-expand",
        "type": "github"
      }
    },
    "kak-explain-shell": {
      "flake": false,
      "locked": {
        "lastModified": 1560384459,
        "narHash": "sha256-wQT4P/qJg4Ir7cLeW1IfEO6DeLUchk9O51T4LJHbc4A=",
        "owner": "ath3",
        "repo": "explain-shell.kak",
        "rev": "503549ea7022a9ce9207be362d2fb74f7f6a72d6",
        "type": "github"
      },
      "original": {
        "owner": "ath3",
        "repo": "explain-shell.kak",
        "type": "github"
      }
    },
    "kak-fetch": {
      "flake": false,
      "locked": {
        "lastModified": 1644535943,
        "narHash": "sha256-/rKtuDn3s+rjX+G5osZXjCgJMhdfI5DvtW/SBRkBeVY=",
        "owner": "mmlb",
        "repo": "kak-fetch",
        "rev": "bf4a28bb9bb68fd2b568996dc5cb939bcabfe36a",
        "type": "github"
      },
      "original": {
        "owner": "mmlb",
        "repo": "kak-fetch",
        "type": "github"
      }
    },
    "kak-focus": {
      "flake": false,
      "locked": {
        "lastModified": 1688256492,
        "narHash": "sha256-cMhUP/PjQ+lxAK1oeEVrNxdrHdKVVWuJr2LSZIuiv2o=",
        "owner": "caksoylar",
        "repo": "kakoune-focus",
        "rev": "d39ee2f1dcf450f5c8b05c6bfda0227e9b985d98",
        "type": "github"
      },
      "original": {
        "owner": "caksoylar",
        "repo": "kakoune-focus",
        "type": "github"
      }
    },
    "kak-gruvbox-soft": {
      "flake": false,
      "locked": {
        "lastModified": 1752027661,
        "narHash": "sha256-fzftSefqcwSMZTFIXDXEUtiu6Bq3rM2PPmADo82zPYg=",
        "owner": "joaopspsps",
        "repo": "gruvbox-soft.kak",
        "rev": "fab08230e06b582df15c8ce12153eb4c0d1ff53c",
        "type": "github"
      },
      "original": {
        "owner": "joaopspsps",
        "repo": "gruvbox-soft.kak",
        "type": "github"
      }
    },
    "kak-hump": {
      "flake": false,
      "locked": {
        "lastModified": 1571738349,
        "narHash": "sha256-gfkXxDBtu1wV70uoFvSjF2I2xHuqWVeDxlPjd6Rz9NA=",
        "owner": "Delapouite",
        "repo": "kakoune-hump",
        "rev": "b57d0548740634fd1b407a217a223110c16b51e2",
        "type": "github"
      },
      "original": {
        "owner": "Delapouite",
        "repo": "kakoune-hump",
        "type": "github"
      }
    },
    "kak-interactively": {
      "flake": false,
      "locked": {
        "lastModified": 1580304709,
        "narHash": "sha256-agbW3bg7MAiEVJt6OfZcs7mWMbTDIH1/73assrMHKV4=",
        "owner": "chambln",
        "repo": "kakoune-interactively",
        "rev": "948baa8b5a82d9ff0b4e13e3ce175b50f4222426",
        "type": "github"
      },
      "original": {
        "owner": "chambln",
        "repo": "kakoune-interactively",
        "type": "github"
      }
    },
    "kak-local-kakrc": {
      "flake": false,
      "locked": {
        "lastModified": 1573857088,
        "narHash": "sha256-NFQ0R9iJDaKvK9hBJVadY7FV+Va4RY314FKuf3WY8rU=",
        "owner": "dgmulf",
        "repo": "local-kakrc",
        "rev": "2f3107e4aa1b1416f43e7551c18f8f6f0ef90348",
        "type": "github"
      },
      "original": {
        "owner": "dgmulf",
        "repo": "local-kakrc",
        "type": "github"
      }
    },
    "kak-luar": {
      "flake": false,
      "locked": {
        "lastModified": 1735218918,
        "narHash": "sha256-Hz4e3c/cv7K7+pXIOI3eqYmJgWHuRSdI50hqurGey/g=",
        "owner": "gustavo-hms",
        "repo": "luar",
        "rev": "e32ac89fdc43e5dbd8750d55cbcf1aea66d3ebdf",
        "type": "github"
      },
      "original": {
        "owner": "gustavo-hms",
        "repo": "luar",
        "type": "github"
      }
    },
    "kak-mark": {
      "flake": false,
      "locked": {
        "lastModified": 1730465019,
        "narHash": "sha256-Wn5JU5+cvRturMcc9mPDVpLDxNzTjTzCeGuoOOB99HY=",
        "owner": "fsub",
        "repo": "kakoune-mark",
        "rev": "d9d404185d10a4ef298ca4e5d4c1ddad1cba7ae9",
        "type": "gitlab"
      },
      "original": {
        "owner": "fsub",
        "repo": "kakoune-mark",
        "type": "gitlab"
      }
    },
    "kak-move-lines": {
      "flake": false,
      "locked": {
        "lastModified": 1662935852,
        "narHash": "sha256-hNJYj5rS+0hY6jCmQQW7ZMgaDBt56qGwVARDvhtAHBU=",
        "owner": "raiguard",
        "repo": "kak-move-lines",
        "rev": "15d3d4a93863780b6caf87cb34f223df67402da5",
        "type": "github"
      },
      "original": {
        "owner": "raiguard",
        "repo": "kak-move-lines",
        "type": "github"
      }
    },
    "kak-mru-files": {
      "flake": false,
      "locked": {
        "lastModified": 1631336082,
        "narHash": "sha256-3v6wjPog7PuJ7la1PgXXiqL92hgXVOduibe6NheIGtA=",
        "owner": "kstr0k",
        "repo": "mru-files.kak",
        "rev": "caf752fc3384b710f549cb878ac3c04928ba0ae3",
        "type": "gitlab"
      },
      "original": {
        "owner": "kstr0k",
        "repo": "mru-files.kak",
        "type": "gitlab"
      }
    },
    "kak-palette": {
      "flake": false,
      "locked": {
        "lastModified": 1568633231,
        "narHash": "sha256-fk0TL6qG3zX8cPp1xvhMw0/g9xSKKp04uyagaPq/Nd0=",
        "owner": "Delapouite",
        "repo": "kakoune-palette",
        "rev": "052cab5f48578679d94717ed5f62429be9865d5d",
        "type": "github"
      },
      "original": {
        "owner": "Delapouite",
        "repo": "kakoune-palette",
        "type": "github"
      }
    },
    "kak-peneira": {
      "flake": false,
      "locked": {
        "lastModified": 1756250910,
        "narHash": "sha256-KR0wr6UwUBa8pDehH2QGqZDZzAAD9hp+KqrxshV/Sdc=",
        "owner": "dermetfan",
        "repo": "peneira",
        "rev": "e9c7d76ebce2f926e7f673eeeedaae26c299a5ef",
        "type": "github"
      },
      "original": {
        "owner": "dermetfan",
        "ref": "mru-global",
        "repo": "peneira",
        "type": "github"
      }
    },
    "kak-phantom-selection": {
      "flake": false,
      "locked": {
        "lastModified": 1696324629,
        "narHash": "sha256-KnLoaC9uZVcZDZuuqxe9LMmveH0m4LwQJtUhDolKWOA=",
        "owner": "occivink",
        "repo": "kakoune-phantom-selection",
        "rev": "ffbed4ac8a9b2f0277213ca479a62ccc6620e33d",
        "type": "github"
      },
      "original": {
        "owner": "occivink",
        "repo": "kakoune-phantom-selection",
        "type": "github"
      }
    },
    "kak-registers": {
      "flake": false,
      "locked": {
        "lastModified": 1646141066,
        "narHash": "sha256-k9EGgf9VEbDATmI0s0owwzfZ5aoWbjAZw714Kg1rxW8=",
        "owner": "Delapouite",
        "repo": "kakoune-registers",
        "rev": "b8ca8e04ebe50671a937bceccba69c62b68ae8b0",
        "type": "github"
      },
      "original": {
        "owner": "Delapouite",
        "repo": "kakoune-registers",
        "type": "github"
      }
    },
    "kak-shellcheck": {
      "flake": false,
      "locked": {
        "lastModified": 1602383725,
        "narHash": "sha256-shorXndYik+SsEyVJ6noOdiQzzwM+x+joMsfNAiUSZg=",
        "owner": "whereswaldon",
        "repo": "shellcheck.kak",
        "rev": "4e633978c119bbb71f215828f7b59cea71a2c5a4",
        "type": "github"
      },
      "original": {
        "owner": "whereswaldon",
        "repo": "shellcheck.kak",
        "type": "github"
      }
    },
    "kak-smart-quotes": {
      "flake": false,
      "locked": {
        "lastModified": 1601758814,
        "narHash": "sha256-aFQWbUqPjAh13NW8XgI2pHlfVh9+mc2fNajZJCwi2pE=",
        "owner": "chambln",
        "repo": "kakoune-smart-quotes",
        "rev": "7eeebc475b3d5c2b8d471c42ed8b3c8f75a81cf9",
        "type": "github"
      },
      "original": {
        "owner": "chambln",
        "repo": "kakoune-smart-quotes",
        "type": "github"
      }
    },
    "kak-smarttab": {
      "flake": false,
      "locked": {
        "lastModified": 1649581983,
        "narHash": "sha256-STLZSwQPM+gTnkA+FQOF4I0ifPTjQWpEc/95JRzvIqU=",
        "owner": "andreyorst",
        "repo": "smarttab.kak",
        "rev": "86ac6599b13617ff938905ba4cdd8225d7eb6a2e",
        "type": "github"
      },
      "original": {
        "owner": "andreyorst",
        "repo": "smarttab.kak",
        "type": "github"
      }
    },
    "kak-sudo-write": {
      "flake": false,
      "locked": {
        "lastModified": 1629101282,
        "narHash": "sha256-O+yw8upyYnQThDoWKnFbjrjthPTCm6EaBUoJNqpUPLA=",
        "owner": "occivink",
        "repo": "kakoune-sudo-write",
        "rev": "ec0d6d26ceaadd93d6824630ba587b31e442214d",
        "type": "github"
      },
      "original": {
        "owner": "occivink",
        "repo": "kakoune-sudo-write",
        "type": "github"
      }
    },
    "kak-surround": {
      "flake": false,
      "locked": {
        "lastModified": 1537174588,
        "narHash": "sha256-0PicMTkYRnhtrFAMWVgynE4HfoL9/EHZIu4rTSE+zSU=",
        "owner": "h-youhei",
        "repo": "kakoune-surround",
        "rev": "efe74c6f434d1e30eff70d4b0d737f55bf6c5022",
        "type": "github"
      },
      "original": {
        "owner": "h-youhei",
        "repo": "kakoune-surround",
        "type": "github"
      }
    },
    "kak-table": {
      "flake": false,
      "locked": {
        "lastModified": 1580426293,
        "narHash": "sha256-ehgE4+WD+bX9PZBO3pT4XxxIpcfO+/tmfAqJhqxZx3U=",
        "owner": "listentolist",
        "repo": "kakoune-table",
        "rev": "d6ef13ef43b3b316db04dc544db26b7f72818017",
        "type": "github"
      },
      "original": {
        "owner": "listentolist",
        "repo": "kakoune-table",
        "type": "github"
      }
    },
    "kak-themes": {
      "flake": false,
      "locked": {
        "lastModified": 1725442241,
        "narHash": "sha256-6ZJuhxMozTKtS5gTmFcVS99+stCaxXcXlqCdlvm5VE8=",
        "owner": "anhsirk0",
        "repo": "kakoune-themes",
        "rev": "263a7da47404ea94cf43eeab89167d828caea565",
        "type": "github"
      },
      "original": {
        "owner": "anhsirk0",
        "repo": "kakoune-themes",
        "type": "github"
      }
    },
    "kak-tmux-info": {
      "flake": false,
      "locked": {
        "lastModified": 1610906705,
        "narHash": "sha256-GTjvvIW/Ia7UsMEf7mnxQxN6mnRlsXRYe2QGgF6CZ3I=",
        "owner": "jbomanson",
        "repo": "tmux-kak-info.kak",
        "rev": "180bdabea21d7764663aa14c4f30f406f3aa2732",
        "type": "github"
      },
      "original": {
        "owner": "jbomanson",
        "repo": "tmux-kak-info.kak",
        "type": "github"
      }
    },
    "kak-tug": {
      "flake": false,
      "locked": {
        "lastModified": 1582353132,
        "narHash": "sha256-cW11DPsjBBtjOfU9gizH8dGSV3B1rQiD0qeO/Ab8jWI=",
        "owner": "matthias-margush",
        "repo": "tug",
        "rev": "23adaadb795af2d86dcb3daf7af3ebe12e932441",
        "type": "github"
      },
      "original": {
        "owner": "matthias-margush",
        "repo": "tug",
        "type": "github"
      }
    },
    "kak-wordcount": {
      "flake": false,
      "locked": {
        "lastModified": 1587419351,
        "narHash": "sha256-l0z53ljscCtyjZiawoVUQFDuXwbjxrfP8B6RphEgE7Q=",
        "owner": "ftonneau",
        "repo": "wordcount.kak",
        "rev": "1a5216d5acfb7220378e825646b0597ea6219f79",
        "type": "github"
      },
      "original": {
        "owner": "ftonneau",
        "repo": "wordcount.kak",
        "type": "github"
      }
    },
    "nil": {
      "inputs": {
        "nixpkgs": [
          "nixpkgs"
        ]
      },
      "locked": {
        "lastModified": 1751341694,
        "narHash": "sha256-zXag1+8iZC3H5yVFP7KhIi4ps9z8xKrFIkyaeXlZ7Uo=",
        "owner": "oxalica",
        "repo": "nil",
        "rev": "b043bfe1f3f4c4be4b688e24c5ae96e81f525805",
        "type": "github"
      },
      "original": {
        "owner": "oxalica",
        "repo": "nil",
        "type": "github"
      }
    },
    "nix-github-actions": {
      "inputs": {
        "nixpkgs": [
          "colmena",
          "nixpkgs"
        ]
      },
      "locked": {
        "lastModified": 1729742964,
        "narHash": "sha256-B4mzTcQ0FZHdpeWcpDYPERtyjJd/NIuaQ9+BV1h+MpA=",
        "owner": "nix-community",
        "repo": "nix-github-actions",
        "rev": "e04df33f62cdcf93d73e9a04142464753a16db67",
        "type": "github"
      },
      "original": {
        "owner": "nix-community",
        "repo": "nix-github-actions",
        "type": "github"
      }
    },
    "nix-index-database": {
      "inputs": {
        "nixpkgs": [
          "nixpkgs"
        ]
      },
      "locked": {
        "lastModified": 1751774635,
        "narHash": "sha256-DuOznGdgMxeSlPpUu6Wkq0ZD5e2Cfv9XRZeZlHWMd1s=",
        "owner": "nix-community",
        "repo": "nix-index-database",
        "rev": "85686025ba6d18df31cc651a91d5adef63378978",
        "type": "github"
      },
      "original": {
        "owner": "nix-community",
        "repo": "nix-index-database",
        "type": "github"
      }
    },
    "nix-options-doc": {
      "inputs": {
        "flake-utils": "flake-utils_3",
        "nixpkgs": "nixpkgs_3",
        "rust-overlay": "rust-overlay_2"
      },
      "locked": {
        "lastModified": 1742115705,
        "narHash": "sha256-RfXwJPWBoWswIU68+y/XZfTWtFHd/fK14bKvOlRmfPo=",
        "owner": "Thunderbottom",
        "repo": "nix-options-doc",
        "rev": "2caa4b5756a8666d65d70122f413e295f56886e7",
        "type": "github"
      },
      "original": {
        "owner": "Thunderbottom",
        "ref": "v0.2.0",
        "repo": "nix-options-doc",
        "type": "github"
      }
    },
    "nixos-hardware": {
      "locked": {
        "lastModified": 1751432711,
        "narHash": "sha256-136MeWtckSHTN9Z2WRNRdZ8oRP3vyx3L8UxeBYE+J9w=",
        "owner": "NixOS",
        "repo": "nixos-hardware",
        "rev": "497ae1357f1ac97f1aea31a4cb74ad0d534ef41f",
        "type": "github"
      },
      "original": {
        "owner": "NixOS",
        "repo": "nixos-hardware",
        "type": "github"
      }
    },
    "nixpkgs": {
      "locked": {
        "lastModified": 1623423544,
        "narHash": "sha256-3b6CdnlUBXb2M5F7vLQ/DVRmpu31YDo1wthdybF46Dc=",
        "owner": "NixOS",
        "repo": "nixpkgs",
        "rev": "5707a8efadbd9a2bfe5aa663555c62ba2933cc81",
        "type": "github"
      },
      "original": {
        "id": "nixpkgs",
        "type": "indirect"
      }
    },
    "nixpkgs-lib": {
      "locked": {
        "lastModified": 1751159883,
        "narHash": "sha256-urW/Ylk9FIfvXfliA1ywh75yszAbiTEVgpPeinFyVZo=",
        "owner": "nix-community",
        "repo": "nixpkgs.lib",
        "rev": "14a40a1d7fb9afa4739275ac642ed7301a9ba1ab",
        "type": "github"
      },
      "original": {
        "owner": "nix-community",
        "repo": "nixpkgs.lib",
        "type": "github"
      }
    },
    "nixpkgs_2": {
      "locked": {
        "lastModified": 1751741127,
        "narHash": "sha256-t75Shs76NgxjZSgvvZZ9qOmz5zuBE8buUaYD28BMTxg=",
        "owner": "NixOS",
        "repo": "nixpkgs",
        "rev": "29e290002bfff26af1db6f64d070698019460302",
        "type": "github"
      },
      "original": {
        "owner": "NixOS",
        "ref": "nixos-25.05",
        "repo": "nixpkgs",
        "type": "github"
      }
    },
    "nixpkgs_3": {
      "locked": {
        "lastModified": 1740695751,
        "narHash": "sha256-D+R+kFxy1KsheiIzkkx/6L63wEHBYX21OIwlFV8JvDs=",
        "owner": "nixos",
        "repo": "nixpkgs",
        "rev": "6313551cd05425cd5b3e63fe47dbc324eabb15e4",
        "type": "github"
      },
      "original": {
        "owner": "nixos",
        "ref": "nixos-unstable",
        "repo": "nixpkgs",
        "type": "github"
      }
    },
    "nur": {
      "inputs": {
        "flake-parts": [
          "flake-parts"
        ],
        "nixpkgs": [
          "nixpkgs"
        ]
      },
      "locked": {
        "lastModified": 1751899958,
        "narHash": "sha256-+mZwEJRJr+CpegeBqPBCeVJBx900gO1d7afUtxpsPn0=",
        "owner": "nix-community",
        "repo": "NUR",
        "rev": "177ebdccf8f83b98461b202b42f1a0d72c3d2c9f",
        "type": "github"
      },
      "original": {
        "owner": "nix-community",
        "repo": "NUR",
        "type": "github"
      }
    },
    "optnix": {
      "inputs": {
        "flake-compat": "flake-compat_2",
        "nix-options-doc": "nix-options-doc",
        "nixpkgs": [
          "nixpkgs"
        ]
      },
      "locked": {
        "lastModified": 1755521093,
        "narHash": "sha256-3mQpLfPYpi9roRDsk9zFldmsnWJTL53GBxBnrm8Kz14=",
        "owner": "water-sucks",
        "repo": "optnix",
        "rev": "c589f0c6b4fa4e84900a0d4e0ae5a7faca89d88e",
        "type": "github"
      },
      "original": {
        "owner": "water-sucks",
        "repo": "optnix",
        "type": "github"
      }
    },
    "programs-sqlite": {
      "inputs": {
        "nixpkgs": [
          "nixpkgs"
        ],
        "utils": [
          "flake-utils"
        ]
      },
      "locked": {
        "lastModified": 1751899529,
        "narHash": "sha256-Ze/69a2jN/zsgVj87zNEaT0RwJRhhDJFm5kE9jY1vsY=",
        "owner": "wamserma",
        "repo": "flake-programs-sqlite",
        "rev": "527944f812daf16a8295f75a0d3e84dd679646e6",
        "type": "github"
      },
      "original": {
        "owner": "wamserma",
        "repo": "flake-programs-sqlite",
        "type": "github"
      }
    },
    "root": {
      "inputs": {
        "agenix": "agenix",
        "colmena": "colmena",
        "copyparty": "copyparty",
        "dermetfan-blog": "dermetfan-blog",
        "disko": "disko",
        "fish-abbreviation-tips": "fish-abbreviation-tips",
        "fish-autopair": "fish-autopair",
        "fish-colored-man-pages": "fish-colored-man-pages",
        "fish-tide": "fish-tide",
        "flake-parts": "flake-parts",
        "flake-utils": "flake-utils_2",
        "gruvbox-wallpapers": "gruvbox-wallpapers",
        "home-manager": "home-manager_2",
        "home-manager-shell": "home-manager-shell",
        "hosts": "hosts",
        "impermanence": "impermanence",
        "kak-beancount": "kak-beancount",
        "kak-case": "kak-case",
        "kak-change-directory": "kak-change-directory",
        "kak-close-tag": "kak-close-tag",
        "kak-cosy-gruvbox": "kak-cosy-gruvbox",
        "kak-crosshairs": "kak-crosshairs",
        "kak-csv": "kak-csv",
        "kak-easymotion": "kak-easymotion",
        "kak-elvish": "kak-elvish",
        "kak-expand": "kak-expand",
        "kak-explain-shell": "kak-explain-shell",
        "kak-fetch": "kak-fetch",
        "kak-focus": "kak-focus",
        "kak-gruvbox-soft": "kak-gruvbox-soft",
        "kak-hump": "kak-hump",
        "kak-interactively": "kak-interactively",
        "kak-local-kakrc": "kak-local-kakrc",
        "kak-luar": "kak-luar",
        "kak-mark": "kak-mark",
        "kak-move-lines": "kak-move-lines",
        "kak-mru-files": "kak-mru-files",
        "kak-palette": "kak-palette",
        "kak-peneira": "kak-peneira",
        "kak-phantom-selection": "kak-phantom-selection",
        "kak-registers": "kak-registers",
        "kak-shellcheck": "kak-shellcheck",
        "kak-smart-quotes": "kak-smart-quotes",
        "kak-smarttab": "kak-smarttab",
        "kak-sudo-write": "kak-sudo-write",
        "kak-surround": "kak-surround",
        "kak-table": "kak-table",
        "kak-themes": "kak-themes",
        "kak-tmux-info": "kak-tmux-info",
        "kak-tug": "kak-tug",
        "kak-wordcount": "kak-wordcount",
        "nil": "nil",
        "nix-index-database": "nix-index-database",
        "nixos-hardware": "nixos-hardware",
        "nixpkgs": "nixpkgs_2",
        "nur": "nur",
        "optnix": "optnix",
        "programs-sqlite": "programs-sqlite",
        "stylix": "stylix",
        "tmux-kak-copy-mode": "tmux-kak-copy-mode",
        "tmux-which-key": "tmux-which-key",
        "tmux-window-name": "tmux-window-name",
        "wrapper-manager": "wrapper-manager"
      }
    },
    "rust-overlay": {
      "inputs": {
        "nixpkgs": [
          "agenix",
          "nixpkgs"
        ]
      },
      "locked": {
        "lastModified": 1741400194,
        "narHash": "sha256-tEpgT+q5KlGjHSm8MnINgTPErEl8YDzX3Eps8PVc09g=",
        "owner": "oxalica",
        "repo": "rust-overlay",
        "rev": "16b6045a232fea0e9e4c69e55a6e269607dd8e3f",
        "type": "github"
      },
      "original": {
        "owner": "oxalica",
        "repo": "rust-overlay",
        "type": "github"
      }
    },
    "rust-overlay_2": {
      "inputs": {
        "nixpkgs": [
          "optnix",
          "nix-options-doc",
          "nixpkgs"
        ]
      },
      "locked": {
        "lastModified": 1740796337,
        "narHash": "sha256-FuoXrXZPoJEZQ3PF7t85tEpfBVID9JQIOnVKMNfTAb0=",
        "owner": "oxalica",
        "repo": "rust-overlay",
        "rev": "bbac9527bc6b28b6330b13043d0e76eac11720dc",
        "type": "github"
      },
      "original": {
        "owner": "oxalica",
        "repo": "rust-overlay",
        "type": "github"
      }
    },
    "stylix": {
      "inputs": {
        "base16": "base16",
        "base16-fish": "base16-fish",
        "base16-helix": "base16-helix",
        "base16-vim": "base16-vim",
        "firefox-gnome-theme": "firefox-gnome-theme",
        "flake-parts": [
          "flake-parts"
        ],
        "gnome-shell": "gnome-shell",
        "nixpkgs": [
          "nixpkgs"
        ],
        "nur": [
          "nur"
        ],
        "systems": "systems_4",
        "tinted-foot": "tinted-foot",
        "tinted-kitty": "tinted-kitty",
        "tinted-schemes": "tinted-schemes",
        "tinted-tmux": "tinted-tmux",
        "tinted-zed": "tinted-zed"
      },
      "locked": {
        "lastModified": 1755710103,
        "narHash": "sha256-VmheUy4UzWDy/u0TvCCHptgF30peL7wRxkHy7EVpDrQ=",
        "owner": "nix-community",
        "repo": "stylix",
        "rev": "79be65b20d7b8fb7e8f39ba8121cfe41b7f46808",
        "type": "github"
      },
      "original": {
        "owner": "nix-community",
        "ref": "release-25.05",
        "repo": "stylix",
        "type": "github"
      }
    },
    "styx": {
      "inputs": {
        "nixpkgs": "nixpkgs",
        "utils": [
          "dermetfan-blog",
          "flake-utils"
        ]
      },
      "locked": {
        "lastModified": 1631224929,
        "narHash": "sha256-JxjMItYN0mG2r7/ksmIqXGYKZziF1KyivXunkczfS3Y=",
        "owner": "dermetfan",
        "repo": "styx",
        "rev": "514e1369b1f9043dfe3a2c1299eb12b7fd2f9902",
        "type": "github"
      },
      "original": {
        "owner": "dermetfan",
        "ref": "modernize",
        "repo": "styx",
        "type": "github"
      }
    },
    "systems": {
      "locked": {
        "lastModified": 1681028828,
        "narHash": "sha256-Vy1rq5AaRuLzOxct8nz4T6wlgyUR7zLU309k9mBC768=",
        "owner": "nix-systems",
        "repo": "default",
        "rev": "da67096a3b9bf56a91d16901293e51ba5b49a27e",
        "type": "github"
      },
      "original": {
        "owner": "nix-systems",
        "repo": "default",
        "type": "github"
      }
    },
    "systems_2": {
      "locked": {
        "lastModified": 1681028828,
        "narHash": "sha256-Vy1rq5AaRuLzOxct8nz4T6wlgyUR7zLU309k9mBC768=",
        "owner": "nix-systems",
        "repo": "default",
        "rev": "da67096a3b9bf56a91d16901293e51ba5b49a27e",
        "type": "github"
      },
      "original": {
        "owner": "nix-systems",
        "repo": "default",
        "type": "github"
      }
    },
    "systems_3": {
      "locked": {
        "lastModified": 1681028828,
        "narHash": "sha256-Vy1rq5AaRuLzOxct8nz4T6wlgyUR7zLU309k9mBC768=",
        "owner": "nix-systems",
        "repo": "default",
        "rev": "da67096a3b9bf56a91d16901293e51ba5b49a27e",
        "type": "github"
      },
      "original": {
        "owner": "nix-systems",
        "repo": "default",
        "type": "github"
      }
    },
    "systems_4": {
      "locked": {
        "lastModified": 1681028828,
        "narHash": "sha256-Vy1rq5AaRuLzOxct8nz4T6wlgyUR7zLU309k9mBC768=",
        "owner": "nix-systems",
        "repo": "default",
        "rev": "da67096a3b9bf56a91d16901293e51ba5b49a27e",
        "type": "github"
      },
      "original": {
        "owner": "nix-systems",
        "repo": "default",
        "type": "github"
      }
    },
    "tinted-foot": {
      "flake": false,
      "locked": {
        "lastModified": 1726913040,
        "narHash": "sha256-+eDZPkw7efMNUf3/Pv0EmsidqdwNJ1TaOum6k7lngDQ=",
        "owner": "tinted-theming",
        "repo": "tinted-foot",
        "rev": "fd1b924b6c45c3e4465e8a849e67ea82933fcbe4",
        "type": "github"
      },
      "original": {
        "owner": "tinted-theming",
        "repo": "tinted-foot",
        "rev": "fd1b924b6c45c3e4465e8a849e67ea82933fcbe4",
        "type": "github"
      }
    },
    "tinted-kitty": {
      "flake": false,
      "locked": {
        "lastModified": 1735730497,
        "narHash": "sha256-4KtB+FiUzIeK/4aHCKce3V9HwRvYaxX+F1edUrfgzb8=",
        "owner": "tinted-theming",
        "repo": "tinted-kitty",
        "rev": "de6f888497f2c6b2279361bfc790f164bfd0f3fa",
        "type": "github"
      },
      "original": {
        "owner": "tinted-theming",
        "repo": "tinted-kitty",
        "type": "github"
      }
    },
    "tinted-schemes": {
      "flake": false,
      "locked": {
        "lastModified": 1750770351,
        "narHash": "sha256-LI+BnRoFNRa2ffbe3dcuIRYAUcGklBx0+EcFxlHj0SY=",
        "owner": "tinted-theming",
        "repo": "schemes",
        "rev": "5a775c6ffd6e6125947b393872cde95867d85a2a",
        "type": "github"
      },
      "original": {
        "owner": "tinted-theming",
        "repo": "schemes",
        "type": "github"
      }
    },
    "tinted-tmux": {
      "flake": false,
      "locked": {
        "lastModified": 1751159871,
        "narHash": "sha256-UOHBN1fgHIEzvPmdNMHaDvdRMgLmEJh2hNmDrp3d3LE=",
        "owner": "tinted-theming",
        "repo": "tinted-tmux",
        "rev": "bded5e24407cec9d01bd47a317d15b9223a1546c",
        "type": "github"
      },
      "original": {
        "owner": "tinted-theming",
        "repo": "tinted-tmux",
        "type": "github"
      }
    },
    "tinted-zed": {
      "flake": false,
      "locked": {
        "lastModified": 1751158968,
        "narHash": "sha256-ksOyv7D3SRRtebpXxgpG4TK8gZSKFc4TIZpR+C98jX8=",
        "owner": "tinted-theming",
        "repo": "base16-zed",
        "rev": "86a470d94204f7652b906ab0d378e4231a5b3384",
        "type": "github"
      },
      "original": {
        "owner": "tinted-theming",
        "repo": "base16-zed",
        "type": "github"
      }
    },
    "tmux-kak-copy-mode": {
      "flake": false,
      "locked": {
        "lastModified": 1627218375,
        "narHash": "sha256-uTpAqJv4MO/cMzlYjGEnoRlY0O/BLmziflcN1IMfquc=",
        "owner": "jbomanson",
        "repo": "tmux-kak-copy-mode",
        "rev": "5f2b6b34750e42dba3d8bbdb7682460370baa750",
        "type": "github"
      },
      "original": {
        "owner": "jbomanson",
        "repo": "tmux-kak-copy-mode",
        "type": "github"
      }
    },
    "tmux-which-key": {
      "inputs": {
        "nixpkgs": [
          "nixpkgs"
        ]
      },
      "locked": {
        "lastModified": 1719802049,
        "narHash": "sha256-3HOn6Q2KV7s4cS3XT4PpwP+ordYxpfzYHmHZ+BGrueU=",
        "owner": "higherorderfunctor",
        "repo": "tmux-which-key",
        "rev": "71b119ddf46342fd49699722c50fdfe054722ab0",
        "type": "github"
      },
      "original": {
        "owner": "higherorderfunctor",
        "ref": "feat/adds-nix-flake",
        "repo": "tmux-which-key",
        "type": "github"
      }
    },
    "tmux-window-name": {
      "flake": false,
      "locked": {
        "lastModified": 1742907828,
        "narHash": "sha256-klS3MoGQnEiUa9RldKGn7D9yxw/9OXbfww43Wi1lV/w=",
        "owner": "ofirgall",
        "repo": "tmux-window-name",
        "rev": "9a75967ced4f3925de0714e96395223aa7e2b4ad",
        "type": "github"
      },
      "original": {
        "owner": "ofirgall",
        "repo": "tmux-window-name",
        "type": "github"
      }
    },
    "wrapper-manager": {
      "locked": {
        "lastModified": 1751998186,
        "narHash": "sha256-np2RxS8tRz/jGfUSYKxzg7cCi4dS8PL8gutLZfPMbIY=",
        "owner": "viperML",
        "repo": "wrapper-manager",
        "rev": "8ad2484b485acad0632cb0af15b5eb704e3c1d0a",
        "type": "github"
      },
      "original": {
        "owner": "viperML",
        "repo": "wrapper-manager",
        "type": "github"
      }
    }
  },
  "root": "root",
  "version": 7
}
