{
  "nodes": {
    "agenix": {
      "inputs": {
        "darwin": "darwin",
        "home-manager": [
          "home-manager"
        ],
        "nixpkgs": [
          "nixpkgs"
        ],
        "systems": "systems"
      },
      "locked": {
        "lastModified": 1703433843,
        "narHash": "sha256-nmtA4KqFboWxxoOAA6Y1okHbZh+HsXaMPFkYHsoDRDw=",
        "owner": "ryantm",
        "repo": "agenix",
        "rev": "417caa847f9383e111d1397039c9d4337d024bf0",
        "type": "github"
      },
      "original": {
        "owner": "ryantm",
        "repo": "agenix",
        "type": "github"
      }
    },
    "colmena": {
      "inputs": {
        "flake-compat": "flake-compat",
        "flake-utils": [
          "flake-utils"
        ],
        "nixpkgs": [
          "nixpkgs"
        ],
        "stable": [
          "nixpkgs"
        ]
      },
      "locked": {
        "lastModified": 1688224393,
        "narHash": "sha256-rsAvFNhRFzTF7qyb6WprLFghJnRxMFjvD2e5/dqMp4I=",
        "owner": "zhaofengli",
        "repo": "colmena",
        "rev": "19384f3ee2058c56021e4465a3ec57e84a47d8dd",
        "type": "github"
      },
      "original": {
        "owner": "zhaofengli",
        "repo": "colmena",
        "type": "github"
      }
    },
    "darwin": {
      "inputs": {
        "nixpkgs": [
          "agenix",
          "nixpkgs"
        ]
      },
      "locked": {
        "lastModified": 1700795494,
        "narHash": "sha256-gzGLZSiOhf155FW7262kdHo2YDeugp3VuIFb4/GGng0=",
        "owner": "lnl7",
        "repo": "nix-darwin",
        "rev": "4b9b83d5a92e8c1fbfd8eb27eda375908c11ec4d",
        "type": "github"
      },
      "original": {
        "owner": "lnl7",
        "ref": "master",
        "repo": "nix-darwin",
        "type": "github"
      }
    },
    "dermetfan-blog": {
      "inputs": {
        "flake-utils": "flake-utils",
        "nixpkgs": [
          "nixpkgs"
        ],
        "styx": "styx"
      },
      "locked": {
        "lastModified": 1706775658,
        "narHash": "sha256-7QvDgmvT9sJMxQD5ujcBpJ48vVyWzFprqmzPA3VAq4c=",
        "owner": "~dermetfan",
        "repo": "dermetfan-blog",
        "rev": "0313d416d88dd2ffd0243ca521f279ed0985497f",
        "type": "sourcehut"
      },
      "original": {
        "owner": "~dermetfan",
        "repo": "dermetfan-blog",
        "type": "sourcehut"
      }
    },
    "filestash": {
      "inputs": {
        "filestash": "filestash_2",
        "nixpkgs": [
          "nixpkgs"
        ],
        "parts": [
          "flake-parts"
        ]
      },
      "locked": {
        "lastModified": 1701640620,
        "narHash": "sha256-5H8o6fNIYIt9/fHYJyxlsaCCku+cD74Z7DFJ2tg1Eqk=",
        "owner": "~dermetfan",
        "repo": "filestash.nix",
        "rev": "da0b16a6b0ed4984e51c97ca3d86b60b8bbd17e0",
        "type": "sourcehut"
      },
      "original": {
        "owner": "~dermetfan",
        "repo": "filestash.nix",
        "type": "sourcehut"
      }
    },
    "filestash_2": {
      "flake": false,
      "locked": {
        "lastModified": 1698921690,
        "narHash": "sha256-hfchiLYlszmKI16h5nKzlcjdjN+sqwWJi6oWfs2wEGs=",
        "owner": "mickael-kerjean",
        "repo": "filestash",
        "rev": "513ba65d46d1cf739b73c0288410c961c1bcede0",
        "type": "github"
      },
      "original": {
        "owner": "mickael-kerjean",
        "repo": "filestash",
        "type": "github"
      }
    },
    "fish-abbreviation-tips": {
      "flake": false,
      "locked": {
        "lastModified": 1642133715,
        "narHash": "sha256-841GmOAi/KS7HF7G29NUD8swaTTCPGdpIUV7B2ln32g=",
        "owner": "Gazorby",
        "repo": "fish-abbreviation-tips",
        "rev": "d29a52375a0826ed86b0710f58b2495a73d3aff3",
        "type": "github"
      },
      "original": {
        "owner": "Gazorby",
        "repo": "fish-abbreviation-tips",
        "type": "github"
      }
    },
    "fish-autopair": {
      "flake": false,
      "locked": {
        "lastModified": 1610912397,
        "narHash": "sha256-l6WJ2kjDO/TnU9FSigjxk5xFp90xl68gDfggkE/wrlM=",
        "owner": "jorgebucaran",
        "repo": "autopair.fish",
        "rev": "1222311994a0730e53d8e922a759eeda815fcb62",
        "type": "github"
      },
      "original": {
        "owner": "jorgebucaran",
        "repo": "autopair.fish",
        "type": "github"
      }
    },
    "fish-colored-man-pages": {
      "flake": false,
      "locked": {
        "lastModified": 1622223280,
        "narHash": "sha256-jhvC9wTU/mUwEaKeepsUEJsvVuCiO/opcp09SzkItV8=",
        "owner": "PatrickF1",
        "repo": "colored_man_pages.fish",
        "rev": "8c4965b9be9433d12ba50c28452cab8c71c59a50",
        "type": "github"
      },
      "original": {
        "owner": "PatrickF1",
        "repo": "colored_man_pages.fish",
        "type": "github"
      }
    },
    "fish-tide": {
      "flake": false,
      "locked": {
        "lastModified": 1618436545,
        "narHash": "sha256-XTpkjQOdFXBO9NlEwOMX26bbuxojVmdtxDcfLKXFUdE=",
        "owner": "IlanCosman",
        "repo": "tide",
        "rev": "630ae9f7d93c5f53880e7d59ae4e61f6390b71a1",
        "type": "github"
      },
      "original": {
        "owner": "IlanCosman",
        "ref": "v4.3.4",
        "repo": "tide",
        "type": "github"
      }
    },
    "flake-compat": {
      "flake": false,
      "locked": {
        "lastModified": 1650374568,
        "narHash": "sha256-Z+s0J8/r907g149rllvwhb4pKi8Wam5ij0st8PwAh+E=",
        "owner": "edolstra",
        "repo": "flake-compat",
        "rev": "b4a34015c698c7793d592d66adbab377907a2be8",
        "type": "github"
      },
      "original": {
        "owner": "edolstra",
        "repo": "flake-compat",
        "type": "github"
      }
    },
    "flake-compat_2": {
      "flake": false,
      "locked": {
        "lastModified": 1606424373,
        "narHash": "sha256-oq8d4//CJOrVj+EcOaSXvMebvuTkmBJuT5tzlfewUnQ=",
        "owner": "edolstra",
        "repo": "flake-compat",
        "rev": "99f1c2157fba4bfe6211a321fd0ee43199025dbf",
        "type": "github"
      },
      "original": {
        "owner": "edolstra",
        "repo": "flake-compat",
        "type": "github"
      }
    },
    "flake-parts": {
      "inputs": {
        "nixpkgs": [
          "nixpkgs"
        ]
      },
      "locked": {
        "lastModified": 1664385320,
        "narHash": "sha256-uSCHb9RUqHRjTpI8OzyaUuHckFnnxwZqlXEuo+yUpYQ=",
        "owner": "hercules-ci",
        "repo": "flake-parts",
        "rev": "45298bd207b26e1bcd030a0bb075aa2da29f8e30",
        "type": "github"
      },
      "original": {
        "owner": "hercules-ci",
        "repo": "flake-parts",
        "type": "github"
      }
    },
    "flake-utils": {
      "locked": {
        "lastModified": 1629481132,
        "narHash": "sha256-JHgasjPR0/J1J3DRm4KxM4zTyAj4IOJY8vIl75v/kPI=",
        "owner": "numtide",
        "repo": "flake-utils",
        "rev": "997f7efcb746a9c140ce1f13c72263189225f482",
        "type": "github"
      },
      "original": {
        "owner": "numtide",
        "repo": "flake-utils",
        "type": "github"
      }
    },
    "flake-utils_2": {
      "locked": {
        "lastModified": 1644229661,
        "narHash": "sha256-1YdnJAsNy69bpcjuoKdOYQX0YxZBiCYZo4Twxerqv7k=",
        "owner": "numtide",
        "repo": "flake-utils",
        "rev": "3cecb5b042f7f209c56ffd8371b2711a290ec797",
        "type": "github"
      },
      "original": {
        "owner": "numtide",
        "repo": "flake-utils",
        "type": "github"
      }
    },
    "flake-utils_3": {
      "locked": {
        "lastModified": 1617631617,
        "narHash": "sha256-PARRCz55qN3gy07VJZIlFeOX420d0nGF0RzGI/9hVlw=",
        "owner": "numtide",
        "repo": "flake-utils",
        "rev": "b2c27d1a81b0dc266270fa8aeecebbd1807fc610",
        "type": "github"
      },
      "original": {
        "owner": "numtide",
        "repo": "flake-utils",
        "type": "github"
      }
    },
    "home-manager": {
      "inputs": {
        "nixpkgs": [
          "nixpkgs"
        ]
      },
      "locked": {
        "lastModified": 1700814205,
        "narHash": "sha256-lWqDPKHRbQfi+zNIivf031BUeyciVOtwCwTjyrhDB5g=",
        "owner": "nix-community",
        "repo": "home-manager",
        "rev": "aeb2232d7a32530d3448318790534d196bf9427a",
        "type": "github"
      },
      "original": {
        "owner": "nix-community",
        "ref": "release-23.11",
        "repo": "home-manager",
        "type": "github"
      }
    },
    "home-manager-shell": {
      "inputs": {
        "flake-utils": [
          "flake-utils"
        ],
        "home-manager": [
          "home-manager"
        ],
        "nixpkgs": [
          "nixpkgs"
        ]
      },
      "locked": {
        "lastModified": 1691254581,
        "narHash": "sha256-Wvn6wYiU9ZTCNHqObVw4QwJA5XVTM9ywxjsx8SX2coE=",
        "owner": "~dermetfan",
        "repo": "home-manager-shell",
        "rev": "a063b8decee025810ff007580ac84dbae75d07fe",
        "type": "sourcehut"
      },
      "original": {
        "owner": "~dermetfan",
        "ref": "release-23.05",
        "repo": "home-manager-shell",
        "type": "sourcehut"
      }
    },
    "hosts": {
      "inputs": {
        "nixpkgs": [
          "nixpkgs"
        ]
      },
      "locked": {
        "lastModified": 1714790410,
        "narHash": "sha256-urPjJa/pxAP8Q79Ec8xzuIoOb/H4Efm8qvDPlqWIF7M=",
        "owner": "StevenBlack",
        "repo": "hosts",
        "rev": "ee48544926f3b132b190b89a32ba04fc014e2702",
        "type": "github"
      },
      "original": {
        "owner": "StevenBlack",
        "repo": "hosts",
        "type": "github"
      }
    },
    "impermanence": {
      "locked": {
        "lastModified": 1644608592,
        "narHash": "sha256-pgHgpslRmMFHSfKo9gIAk9g6xxWn51nvjSfxSgX6Tpw=",
        "owner": "nix-community",
        "repo": "impermanence",
        "rev": "bc3376a8e5ede458b14ccb7fb3fc680bf870f4d4",
        "type": "github"
      },
      "original": {
        "owner": "nix-community",
        "repo": "impermanence",
        "type": "github"
      }
    },
    "kak-case": {
      "flake": false,
      "locked": {
        "lastModified": 1580397749,
        "narHash": "sha256-t/FmcZr0WTNNnn0VS2w7xXqc8r1rR07OfXiqx2mWVgA=",
        "owner": "FlyingWombat",
        "repo": "case.kak",
        "rev": "6f1511820aa3abfa118e0f856118adc8113e2185",
        "type": "gitlab"
      },
      "original": {
        "owner": "FlyingWombat",
        "repo": "case.kak",
        "type": "gitlab"
      }
    },
    "kak-change-directory": {
      "flake": false,
      "locked": {
        "lastModified": 1637099626,
        "narHash": "sha256-7H7TAJalPHWaYjYLy5IcZ92qtjaEMgMlcfSokUvsp8A=",
        "owner": "~dermetfan",
        "repo": "change-directory.kak",
        "rev": "1f81e56c16cc4c3560ab0b5e61a199aaec7f2f68",
        "type": "sourcehut"
      },
      "original": {
        "owner": "~dermetfan",
        "repo": "change-directory.kak",
        "type": "sourcehut"
      }
    },
    "kak-close-tag": {
      "flake": false,
      "locked": {
        "lastModified": 1535463682,
        "narHash": "sha256-vKXP+yY9zDHlv0+wMQitszRFNu0RPuHO6n41UN9831U=",
        "owner": "h-youhei",
        "repo": "kakoune-close-tag",
        "rev": "c719939cef45efbba24d3a6dbcc1aa273bbb8b1a",
        "type": "github"
      },
      "original": {
        "owner": "h-youhei",
        "repo": "kakoune-close-tag",
        "type": "github"
      }
    },
    "kak-cosy-gruvbox": {
      "flake": false,
      "locked": {
        "lastModified": 1573817444,
        "narHash": "sha256-3koUXhgGT33l+yqMHHxL4PlJwOGTLjS10Egv+XjUDDU=",
        "owner": "Anfid",
        "repo": "cosy-gruvbox.kak",
        "rev": "9acb0c6c3166147570a94e722cad2da75a6a9421",
        "type": "github"
      },
      "original": {
        "owner": "Anfid",
        "repo": "cosy-gruvbox.kak",
        "type": "github"
      }
    },
    "kak-crosshairs": {
      "flake": false,
      "locked": {
        "lastModified": 1580127767,
        "narHash": "sha256-VOn9GGHludJasEwcCv6t1Q3/63w9139MCEkdRDnTw6E=",
        "owner": "insipx",
        "repo": "kak-crosshairs",
        "rev": "7edba13c535ce1bc67356b1c9461f5d261949d29",
        "type": "github"
      },
      "original": {
        "owner": "insipx",
        "repo": "kak-crosshairs",
        "type": "github"
      }
    },
    "kak-csv": {
      "flake": false,
      "locked": {
        "lastModified": 1590732324,
        "narHash": "sha256-3Y7J9ctuA9kyn8tlKTkxQiwXuglsWC54gaKtB1m3DA4=",
        "owner": "gspia",
        "repo": "csv.kak",
        "rev": "00d0c4269645e15c8f61202e265328c470cd85c2",
        "type": "github"
      },
      "original": {
        "owner": "gspia",
        "repo": "csv.kak",
        "type": "github"
      }
    },
    "kak-easymotion": {
      "flake": false,
      "locked": {
        "lastModified": 1607545817,
        "narHash": "sha256-kKN/a2BxZZDIISGBjxSlgxq6GFeKoqr2WIYKpJcl1HE=",
        "owner": "~voroskoi",
        "repo": "easymotion.kak",
        "rev": "d5772bd319acdb86adf0d91ffb2f085f811aa453",
        "type": "sourcehut"
      },
      "original": {
        "owner": "~voroskoi",
        "repo": "easymotion.kak",
        "type": "sourcehut"
      }
    },
    "kak-elvish": {
      "flake": false,
      "locked": {
        "lastModified": 1538213885,
        "narHash": "sha256-d5AQueYjYqwVy74LBN1rR3b40HwLB7Nb391BE7Bl/TM=",
        "owner": "SolitudeSF",
        "repo": "elvish.kak",
        "rev": "c71caa7575da93365e12fe031f5debc2baf73a6d",
        "type": "gitlab"
      },
      "original": {
        "owner": "SolitudeSF",
        "repo": "elvish.kak",
        "type": "gitlab"
      }
    },
    "kak-expand": {
      "flake": false,
      "locked": {
        "lastModified": 1682270642,
        "narHash": "sha256-v6xQHUCvD0wvDO9Biek7uhFpnssUqoWVEog4ndY4w2U=",
        "owner": "occivink",
        "repo": "kakoune-expand",
        "rev": "36da21591c78a7886714b0bd3b319fb57adbe182",
        "type": "github"
      },
      "original": {
        "owner": "occivink",
        "repo": "kakoune-expand",
        "type": "github"
      }
    },
    "kak-explain-shell": {
      "flake": false,
      "locked": {
        "lastModified": 1560384459,
        "narHash": "sha256-wQT4P/qJg4Ir7cLeW1IfEO6DeLUchk9O51T4LJHbc4A=",
        "owner": "ath3",
        "repo": "explain-shell.kak",
        "rev": "503549ea7022a9ce9207be362d2fb74f7f6a72d6",
        "type": "github"
      },
      "original": {
        "owner": "ath3",
        "repo": "explain-shell.kak",
        "type": "github"
      }
    },
    "kak-fetch": {
      "flake": false,
      "locked": {
        "lastModified": 1644535943,
        "narHash": "sha256-/rKtuDn3s+rjX+G5osZXjCgJMhdfI5DvtW/SBRkBeVY=",
        "owner": "mmlb",
        "repo": "kak-fetch",
        "rev": "bf4a28bb9bb68fd2b568996dc5cb939bcabfe36a",
        "type": "github"
      },
      "original": {
        "owner": "mmlb",
        "repo": "kak-fetch",
        "type": "github"
      }
    },
    "kak-focus": {
      "flake": false,
      "locked": {
        "lastModified": 1688256492,
        "narHash": "sha256-cMhUP/PjQ+lxAK1oeEVrNxdrHdKVVWuJr2LSZIuiv2o=",
        "owner": "caksoylar",
        "repo": "kakoune-focus",
        "rev": "d39ee2f1dcf450f5c8b05c6bfda0227e9b985d98",
        "type": "github"
      },
      "original": {
        "owner": "caksoylar",
        "repo": "kakoune-focus",
        "type": "github"
      }
    },
    "kak-hump": {
      "flake": false,
      "locked": {
        "lastModified": 1571738349,
        "narHash": "sha256-gfkXxDBtu1wV70uoFvSjF2I2xHuqWVeDxlPjd6Rz9NA=",
        "owner": "Delapouite",
        "repo": "kakoune-hump",
        "rev": "b57d0548740634fd1b407a217a223110c16b51e2",
        "type": "github"
      },
      "original": {
        "owner": "Delapouite",
        "repo": "kakoune-hump",
        "type": "github"
      }
    },
    "kak-interactively": {
      "flake": false,
      "locked": {
        "lastModified": 1580304709,
        "narHash": "sha256-agbW3bg7MAiEVJt6OfZcs7mWMbTDIH1/73assrMHKV4=",
        "owner": "chambln",
        "repo": "kakoune-interactively",
        "rev": "948baa8b5a82d9ff0b4e13e3ce175b50f4222426",
        "type": "github"
      },
      "original": {
        "owner": "chambln",
        "repo": "kakoune-interactively",
        "type": "github"
      }
    },
    "kak-local-kakrc": {
      "flake": false,
      "locked": {
        "lastModified": 1573857088,
        "narHash": "sha256-NFQ0R9iJDaKvK9hBJVadY7FV+Va4RY314FKuf3WY8rU=",
        "owner": "dgmulf",
        "repo": "local-kakrc",
        "rev": "2f3107e4aa1b1416f43e7551c18f8f6f0ef90348",
        "type": "github"
      },
      "original": {
        "owner": "dgmulf",
        "repo": "local-kakrc",
        "type": "github"
      }
    },
    "kak-mark": {
      "flake": false,
      "locked": {
        "lastModified": 1673989856,
        "narHash": "sha256-BUOPiNHVQmzXyikD36zt11BazFkoNj76PRX42EcQB/4=",
        "owner": "fsub",
        "repo": "kakoune-mark",
        "rev": "ace5953b72d103c4228e89ceab0aab2ef8d65075",
        "type": "gitlab"
      },
      "original": {
        "owner": "fsub",
        "repo": "kakoune-mark",
        "type": "gitlab"
      }
    },
    "kak-move-line": {
      "flake": false,
      "locked": {
        "lastModified": 1637099638,
        "narHash": "sha256-2OZdDfRmS4HxpdKMeZyLaBSqv3anaauz64OmhLcARTo=",
        "owner": "~dermetfan",
        "repo": "move-line.kak",
        "rev": "47a6b216de6352ec8244b4375d7ee2805e084925",
        "type": "sourcehut"
      },
      "original": {
        "owner": "~dermetfan",
        "repo": "move-line.kak",
        "type": "sourcehut"
      }
    },
    "kak-neuron": {
      "flake": false,
      "locked": {
        "lastModified": 1642271147,
        "narHash": "sha256-h4NWC9J2gIfSAaz8L9t4PgnudoRb01V4/X8wARIB9qw=",
        "owner": "MilanVasko",
        "repo": "neuron-kak",
        "rev": "f51bca9acf091401563e54d7d6fc119beaa04605",
        "type": "github"
      },
      "original": {
        "owner": "MilanVasko",
        "repo": "neuron-kak",
        "type": "github"
      }
    },
    "kak-palette": {
      "flake": false,
      "locked": {
        "lastModified": 1568633231,
        "narHash": "sha256-fk0TL6qG3zX8cPp1xvhMw0/g9xSKKp04uyagaPq/Nd0=",
        "owner": "Delapouite",
        "repo": "kakoune-palette",
        "rev": "052cab5f48578679d94717ed5f62429be9865d5d",
        "type": "github"
      },
      "original": {
        "owner": "Delapouite",
        "repo": "kakoune-palette",
        "type": "github"
      }
    },
    "kak-phantom-selection": {
      "flake": false,
      "locked": {
        "lastModified": 1681977417,
        "narHash": "sha256-r7LUQ2XC6pdlKJTev2Xfp4UQc1dlXimZi3JU6X4UsPs=",
        "owner": "occivink",
        "repo": "kakoune-phantom-selection",
        "rev": "253857c550c90df2d719f52a61af3d77ab059957",
        "type": "github"
      },
      "original": {
        "owner": "occivink",
        "repo": "kakoune-phantom-selection",
        "type": "github"
      }
    },
    "kak-registers": {
      "flake": false,
      "locked": {
        "lastModified": 1646141066,
        "narHash": "sha256-k9EGgf9VEbDATmI0s0owwzfZ5aoWbjAZw714Kg1rxW8=",
        "owner": "Delapouite",
        "repo": "kakoune-registers",
        "rev": "b8ca8e04ebe50671a937bceccba69c62b68ae8b0",
        "type": "github"
      },
      "original": {
        "owner": "Delapouite",
        "repo": "kakoune-registers",
        "type": "github"
      }
    },
    "kak-shellcheck": {
      "flake": false,
      "locked": {
        "lastModified": 1602383725,
        "narHash": "sha256-shorXndYik+SsEyVJ6noOdiQzzwM+x+joMsfNAiUSZg=",
        "owner": "whereswaldon",
        "repo": "shellcheck.kak",
        "rev": "4e633978c119bbb71f215828f7b59cea71a2c5a4",
        "type": "github"
      },
      "original": {
        "owner": "whereswaldon",
        "repo": "shellcheck.kak",
        "type": "github"
      }
    },
    "kak-smart-quotes": {
      "flake": false,
      "locked": {
        "lastModified": 1601758814,
        "narHash": "sha256-aFQWbUqPjAh13NW8XgI2pHlfVh9+mc2fNajZJCwi2pE=",
        "owner": "chambln",
        "repo": "kakoune-smart-quotes",
        "rev": "7eeebc475b3d5c2b8d471c42ed8b3c8f75a81cf9",
        "type": "github"
      },
      "original": {
        "owner": "chambln",
        "repo": "kakoune-smart-quotes",
        "type": "github"
      }
    },
    "kak-smarttab": {
      "flake": false,
      "locked": {
        "lastModified": 1649581983,
        "narHash": "sha256-STLZSwQPM+gTnkA+FQOF4I0ifPTjQWpEc/95JRzvIqU=",
        "owner": "andreyorst",
        "repo": "smarttab.kak",
        "rev": "86ac6599b13617ff938905ba4cdd8225d7eb6a2e",
        "type": "github"
      },
      "original": {
        "owner": "andreyorst",
        "repo": "smarttab.kak",
        "type": "github"
      }
    },
    "kak-sudo-write": {
      "flake": false,
      "locked": {
        "lastModified": 1629101282,
        "narHash": "sha256-O+yw8upyYnQThDoWKnFbjrjthPTCm6EaBUoJNqpUPLA=",
        "owner": "occivink",
        "repo": "kakoune-sudo-write",
        "rev": "ec0d6d26ceaadd93d6824630ba587b31e442214d",
        "type": "github"
      },
      "original": {
        "owner": "occivink",
        "repo": "kakoune-sudo-write",
        "type": "github"
      }
    },
    "kak-surround": {
      "flake": false,
      "locked": {
        "lastModified": 1537174588,
        "narHash": "sha256-0PicMTkYRnhtrFAMWVgynE4HfoL9/EHZIu4rTSE+zSU=",
        "owner": "h-youhei",
        "repo": "kakoune-surround",
        "rev": "efe74c6f434d1e30eff70d4b0d737f55bf6c5022",
        "type": "github"
      },
      "original": {
        "owner": "h-youhei",
        "repo": "kakoune-surround",
        "type": "github"
      }
    },
    "kak-table": {
      "flake": false,
      "locked": {
        "lastModified": 1580426293,
        "narHash": "sha256-ehgE4+WD+bX9PZBO3pT4XxxIpcfO+/tmfAqJhqxZx3U=",
        "owner": "listentolist",
        "repo": "kakoune-table",
        "rev": "d6ef13ef43b3b316db04dc544db26b7f72818017",
        "type": "github"
      },
      "original": {
        "owner": "listentolist",
        "repo": "kakoune-table",
        "type": "github"
      }
    },
    "kak-themes": {
      "flake": false,
      "locked": {
        "lastModified": 1671900539,
        "narHash": "sha256-iq6Q0bXY7sofnMLfRbJth4YEuo5l0qia607Ifqh+8S4=",
        "owner": "anhsirk0",
        "repo": "kakoune-themes",
        "rev": "98c36fa83d8dcdb3b9c6688d4ef35163ce65d513",
        "type": "github"
      },
      "original": {
        "owner": "anhsirk0",
        "repo": "kakoune-themes",
        "type": "github"
      }
    },
    "kak-tmux-info": {
      "flake": false,
      "locked": {
        "lastModified": 1610906705,
        "narHash": "sha256-GTjvvIW/Ia7UsMEf7mnxQxN6mnRlsXRYe2QGgF6CZ3I=",
        "owner": "jbomanson",
        "repo": "tmux-kak-info.kak",
        "rev": "180bdabea21d7764663aa14c4f30f406f3aa2732",
        "type": "github"
      },
      "original": {
        "owner": "jbomanson",
        "repo": "tmux-kak-info.kak",
        "type": "github"
      }
    },
    "kak-tug": {
      "flake": false,
      "locked": {
        "lastModified": 1582353132,
        "narHash": "sha256-cW11DPsjBBtjOfU9gizH8dGSV3B1rQiD0qeO/Ab8jWI=",
        "owner": "matthias-margush",
        "repo": "tug",
        "rev": "23adaadb795af2d86dcb3daf7af3ebe12e932441",
        "type": "github"
      },
      "original": {
        "owner": "matthias-margush",
        "repo": "tug",
        "type": "github"
      }
    },
    "kak-wordcount": {
      "flake": false,
      "locked": {
        "lastModified": 1587419351,
        "narHash": "sha256-l0z53ljscCtyjZiawoVUQFDuXwbjxrfP8B6RphEgE7Q=",
        "owner": "ftonneau",
        "repo": "wordcount.kak",
        "rev": "1a5216d5acfb7220378e825646b0597ea6219f79",
        "type": "github"
      },
      "original": {
        "owner": "ftonneau",
        "repo": "wordcount.kak",
        "type": "github"
      }
    },
    "neuron": {
      "inputs": {
        "flake-compat": "flake-compat_2",
        "flake-utils": "flake-utils_3",
        "nixpkgs": "nixpkgs_2"
      },
      "locked": {
        "lastModified": 1633806410,
        "narHash": "sha256-tHvgitxpGDqtLfKEuw3zQcNKd5g0gv/LooAqLt9OKg0=",
        "owner": "srid",
        "repo": "neuron",
        "rev": "10e3ea028c23e664e540d0460e9515bdf02ac51d",
        "type": "github"
      },
      "original": {
        "owner": "srid",
        "repo": "neuron",
        "type": "github"
      }
    },
    "nil": {
      "inputs": {
        "flake-utils": [
          "flake-utils"
        ],
        "nixpkgs": "nixpkgs_3",
        "rust-overlay": "rust-overlay"
      },
      "locked": {
        "lastModified": 1714571717,
        "narHash": "sha256-o4tqlTzi9kcVub167kTGXgCac9jM3kW4+v9MH/ue4Hk=",
        "owner": "oxalica",
        "repo": "nil",
        "rev": "2f3ed6348bbf1440fcd1ab0411271497a0fbbfa4",
        "type": "github"
      },
      "original": {
        "owner": "oxalica",
        "repo": "nil",
        "type": "github"
      }
    },
    "nixpkgs": {
      "locked": {
        "lastModified": 1623423544,
        "narHash": "sha256-3b6CdnlUBXb2M5F7vLQ/DVRmpu31YDo1wthdybF46Dc=",
        "owner": "NixOS",
        "repo": "nixpkgs",
        "rev": "5707a8efadbd9a2bfe5aa663555c62ba2933cc81",
        "type": "github"
      },
      "original": {
        "id": "nixpkgs",
        "type": "indirect"
      }
    },
    "nixpkgs_2": {
      "locked": {
        "lastModified": 1630140382,
        "narHash": "sha256-ntXepAHFlAEtaYIU5EzckRUODeeMgpu1u2Yug+4LFNc=",
        "owner": "nixos",
        "repo": "nixpkgs",
        "rev": "08ef0f28e3a41424b92ba1d203de64257a9fca6a",
        "type": "github"
      },
      "original": {
        "owner": "nixos",
        "repo": "nixpkgs",
        "rev": "08ef0f28e3a41424b92ba1d203de64257a9fca6a",
        "type": "github"
      }
    },
    "nixpkgs_3": {
      "locked": {
        "lastModified": 1714314149,
        "narHash": "sha256-yNAevSKF4krRWacmLUsLK7D7PlfuY3zF0lYnGYNi9vQ=",
        "owner": "nixos",
        "repo": "nixpkgs",
        "rev": "cf8cc1201be8bc71b7cbbbdaf349b22f4f99c7ae",
        "type": "github"
      },
      "original": {
        "owner": "nixos",
        "ref": "nixpkgs-unstable",
        "repo": "nixpkgs",
        "type": "github"
      }
    },
    "nixpkgs_4": {
      "locked": {
        "lastModified": 1701263465,
        "narHash": "sha256-lNXUIlkfyDyp9Ox21hr+wsEf/IBklLvb6bYcyeXbdRc=",
        "owner": "NixOS",
        "repo": "nixpkgs",
        "rev": "50aa30a13c4ab5e7ba282da460a3e3d44e9d0eb3",
        "type": "github"
      },
      "original": {
        "owner": "NixOS",
        "ref": "nixos-23.11",
        "repo": "nixpkgs",
        "type": "github"
      }
    },
    "nur": {
      "locked": {
        "lastModified": 1672751104,
        "narHash": "sha256-eEND+UA8d/VqgbacflfJ2bJX8X3OBknBMk6QELbMdkU=",
        "owner": "nix-community",
        "repo": "NUR",
        "rev": "850aa776e7e4bad4edf23e4460554007b8c7c87a",
        "type": "github"
      },
      "original": {
        "owner": "nix-community",
        "repo": "NUR",
        "type": "github"
      }
    },
    "programs-sqlite": {
      "inputs": {
        "nixpkgs": [
          "nixpkgs"
        ],
        "utils": [
          "flake-utils"
        ]
      },
      "locked": {
        "lastModified": 1701421393,
        "narHash": "sha256-HudNl6yLKh/8Gqt/bU8ml8nDvPjetFQU8lZQ4I/tmBM=",
        "owner": "wamserma",
        "repo": "flake-programs-sqlite",
        "rev": "2dce7be7a4877aba6cac5db979f80feba76a33d3",
        "type": "github"
      },
      "original": {
        "owner": "wamserma",
        "repo": "flake-programs-sqlite",
        "type": "github"
      }
    },
    "root": {
      "inputs": {
        "agenix": "agenix",
        "colmena": "colmena",
        "dermetfan-blog": "dermetfan-blog",
        "filestash": "filestash",
        "fish-abbreviation-tips": "fish-abbreviation-tips",
        "fish-autopair": "fish-autopair",
        "fish-colored-man-pages": "fish-colored-man-pages",
        "fish-tide": "fish-tide",
        "flake-parts": "flake-parts",
        "flake-utils": "flake-utils_2",
        "home-manager": "home-manager",
        "home-manager-shell": "home-manager-shell",
        "hosts": "hosts",
        "impermanence": "impermanence",
        "kak-case": "kak-case",
        "kak-change-directory": "kak-change-directory",
        "kak-close-tag": "kak-close-tag",
        "kak-cosy-gruvbox": "kak-cosy-gruvbox",
        "kak-crosshairs": "kak-crosshairs",
        "kak-csv": "kak-csv",
        "kak-easymotion": "kak-easymotion",
        "kak-elvish": "kak-elvish",
        "kak-expand": "kak-expand",
        "kak-explain-shell": "kak-explain-shell",
        "kak-fetch": "kak-fetch",
        "kak-focus": "kak-focus",
        "kak-hump": "kak-hump",
        "kak-interactively": "kak-interactively",
        "kak-local-kakrc": "kak-local-kakrc",
        "kak-mark": "kak-mark",
        "kak-move-line": "kak-move-line",
        "kak-neuron": "kak-neuron",
        "kak-palette": "kak-palette",
        "kak-phantom-selection": "kak-phantom-selection",
        "kak-registers": "kak-registers",
        "kak-shellcheck": "kak-shellcheck",
        "kak-smart-quotes": "kak-smart-quotes",
        "kak-smarttab": "kak-smarttab",
        "kak-sudo-write": "kak-sudo-write",
        "kak-surround": "kak-surround",
        "kak-table": "kak-table",
        "kak-themes": "kak-themes",
        "kak-tmux-info": "kak-tmux-info",
        "kak-tug": "kak-tug",
        "kak-wordcount": "kak-wordcount",
        "neuron": "neuron",
        "nil": "nil",
        "nixpkgs": "nixpkgs_4",
        "nur": "nur",
        "programs-sqlite": "programs-sqlite"
      }
    },
    "rust-overlay": {
      "inputs": {
        "flake-utils": [
          "nil",
          "flake-utils"
        ],
        "nixpkgs": [
          "nil",
          "nixpkgs"
        ]
      },
      "locked": {
        "lastModified": 1714529851,
        "narHash": "sha256-YMKJW880f7LHXVRzu93xa6Ek+QLECIu0IRQbXbzZe38=",
        "owner": "oxalica",
        "repo": "rust-overlay",
        "rev": "9ca720fdcf7865385ae3b93ecdf65f1a64cb475e",
        "type": "github"
      },
      "original": {
        "owner": "oxalica",
        "repo": "rust-overlay",
        "type": "github"
      }
    },
    "styx": {
      "inputs": {
        "nixpkgs": "nixpkgs",
        "utils": [
          "dermetfan-blog",
          "flake-utils"
        ]
      },
      "locked": {
        "lastModified": 1631224929,
        "narHash": "sha256-JxjMItYN0mG2r7/ksmIqXGYKZziF1KyivXunkczfS3Y=",
        "owner": "dermetfan",
        "repo": "styx",
        "rev": "514e1369b1f9043dfe3a2c1299eb12b7fd2f9902",
        "type": "github"
      },
      "original": {
        "owner": "dermetfan",
        "ref": "modernize",
        "repo": "styx",
        "type": "github"
      }
    },
    "systems": {
      "locked": {
        "lastModified": 1681028828,
        "narHash": "sha256-Vy1rq5AaRuLzOxct8nz4T6wlgyUR7zLU309k9mBC768=",
        "owner": "nix-systems",
        "repo": "default",
        "rev": "da67096a3b9bf56a91d16901293e51ba5b49a27e",
        "type": "github"
      },
      "original": {
        "owner": "nix-systems",
        "repo": "default",
        "type": "github"
      }
    }
  },
  "root": "root",
  "version": 7
}
